// !$*UTF8*$!
{
	archiveVersion = 1;
	classes = {
	};
	objectVersion = 50;
	objects = {

/* Begin PBXBuildFile section */
		0816E56720E75A4700116FD0 /* MyVisitorsListViewController.swift in Sources */ = {isa = PBXBuildFile; fileRef = 0816E56620E75A4700116FD0 /* MyVisitorsListViewController.swift */; };
		0816E56920E75B5F00116FD0 /* MyVisitorsListCollectionViewCell.swift in Sources */ = {isa = PBXBuildFile; fileRef = 0816E56820E75B5F00116FD0 /* MyVisitorsListCollectionViewCell.swift */; };
		0816E57B20EA77E800116FD0 /* EditMyProfileTableViewCell.swift in Sources */ = {isa = PBXBuildFile; fileRef = 0816E57920EA77E700116FD0 /* EditMyProfileTableViewCell.swift */; };
		0816E57C20EA77E800116FD0 /* EditMyProfileViewController.swift in Sources */ = {isa = PBXBuildFile; fileRef = 0816E57A20EA77E700116FD0 /* EditMyProfileViewController.swift */; };
		0818AA5B20DBBFC4000A4B89 /* AddMyFamilyMembersViewController.swift in Sources */ = {isa = PBXBuildFile; fileRef = 0818AA5A20DBBFC4000A4B89 /* AddMyFamilyMembersViewController.swift */; };
		081B49E720F32740006D502A /* HandedThingsGuestHistoryViewController.swift in Sources */ = {isa = PBXBuildFile; fileRef = 081B49E620F32740006D502A /* HandedThingsGuestHistoryViewController.swift */; };
		081B49E920F32D03006D502A /* HandedThingsGuestHistoryCollectionViewCell.swift in Sources */ = {isa = PBXBuildFile; fileRef = 081B49E820F32D03006D502A /* HandedThingsGuestHistoryCollectionViewCell.swift */; };
		081F25D1210C8EB60065F90E /* RetrievingGuestList.swift in Sources */ = {isa = PBXBuildFile; fileRef = 081F25D0210C8EB60065F90E /* RetrievingGuestList.swift */; };
		08355B0D210E2CB700F671D2 /* NammaApartmentEmergency.swift in Sources */ = {isa = PBXBuildFile; fileRef = 08355B0C210E2CB700F671D2 /* NammaApartmentEmergency.swift */; };
		083D5C8520F87E2F00F549AF /* HandedThingsDailyServicesHistoryViewController.swift in Sources */ = {isa = PBXBuildFile; fileRef = 083D5C8420F87E2F00F549AF /* HandedThingsDailyServicesHistoryViewController.swift */; };
		083D5C8720F87E6800F549AF /* HandedThingsDailyServicesHistoryCollectionViewCell.swift in Sources */ = {isa = PBXBuildFile; fileRef = 083D5C8620F87E6800F549AF /* HandedThingsDailyServicesHistoryCollectionViewCell.swift */; };
		083D5C8920F8A96600F549AF /* HandedThingsToDailyServicesViewController.swift in Sources */ = {isa = PBXBuildFile; fileRef = 083D5C8820F8A96600F549AF /* HandedThingsToDailyServicesViewController.swift */; };
		083D5C8B20F8A99200F549AF /* HandedThingsToDailyServicesTableViewCell.swift in Sources */ = {isa = PBXBuildFile; fileRef = 083D5C8A20F8A99200F549AF /* HandedThingsToDailyServicesTableViewCell.swift */; };
		084D963D2100C92900BE9D3D /* NavigationMenuViewController.swift in Sources */ = {isa = PBXBuildFile; fileRef = 084D963C2100C92900BE9D3D /* NavigationMenuViewController.swift */; };
		084D963F2100CAD100BE9D3D /* NavigationMenuTableViewCell.swift in Sources */ = {isa = PBXBuildFile; fileRef = 084D963E2100CAD100BE9D3D /* NavigationMenuTableViewCell.swift */; };
		085646722101FA0C00C5FBF6 /* HelpViewController.swift in Sources */ = {isa = PBXBuildFile; fileRef = 085646712101FA0C00C5FBF6 /* HelpViewController.swift */; };
		085646742101FA3300C5FBF6 /* HelpCollectionViewCell.swift in Sources */ = {isa = PBXBuildFile; fileRef = 085646732101FA3300C5FBF6 /* HelpCollectionViewCell.swift */; };
		085646762101FA6D00C5FBF6 /* SettingsViewController.swift in Sources */ = {isa = PBXBuildFile; fileRef = 085646752101FA6D00C5FBF6 /* SettingsViewController.swift */; };
		085646782101FA9F00C5FBF6 /* SettingsCollectionViewCell.swift in Sources */ = {isa = PBXBuildFile; fileRef = 085646772101FA9F00C5FBF6 /* SettingsCollectionViewCell.swift */; };
		0856467A21020CBE00C5FBF6 /* NAShodowEffect.swift in Sources */ = {isa = PBXBuildFile; fileRef = 0856467921020CBE00C5FBF6 /* NAShodowEffect.swift */; };
		0856467C210215A300C5FBF6 /* NotificationSettingsViewController.swift in Sources */ = {isa = PBXBuildFile; fileRef = 0856467B210215A300C5FBF6 /* NotificationSettingsViewController.swift */; };
		0856467E210215E800C5FBF6 /* GeneralSettingsViewController.swift in Sources */ = {isa = PBXBuildFile; fileRef = 0856467D210215E800C5FBF6 /* GeneralSettingsViewController.swift */; };
		085646802102CD9E00C5FBF6 /* NotificationSettingsTableViewCell.swift in Sources */ = {isa = PBXBuildFile; fileRef = 0856467F2102CD9E00C5FBF6 /* NotificationSettingsTableViewCell.swift */; };
		086081F92104A90900B5990C /* RateUsView.xib in Resources */ = {isa = PBXBuildFile; fileRef = 086081F82104A90900B5990C /* RateUsView.xib */; };
		086081FB2104B19000B5990C /* RateUsView.swift in Sources */ = {isa = PBXBuildFile; fileRef = 086081FA2104B19000B5990C /* RateUsView.swift */; };
		089A94B8210836940088F519 /* NoticeBoardViewController.swift in Sources */ = {isa = PBXBuildFile; fileRef = 089A94B7210836940088F519 /* NoticeBoardViewController.swift */; };
		089A94BA210837CA0088F519 /* NoticeBoardCollectionViewCell.swift in Sources */ = {isa = PBXBuildFile; fileRef = 089A94B9210837CA0088F519 /* NoticeBoardCollectionViewCell.swift */; };
		08E1F7BB20F9DCC40086F885 /* CabAndPackageArrivalCardListViewController.swift in Sources */ = {isa = PBXBuildFile; fileRef = 08E1F7BA20F9DCC40086F885 /* CabAndPackageArrivalCardListViewController.swift */; };
		08E1F7BD20F9E1120086F885 /* CabAndPackageArrivalCardListCollectionViewCell.swift in Sources */ = {isa = PBXBuildFile; fileRef = 08E1F7BC20F9E1120086F885 /* CabAndPackageArrivalCardListCollectionViewCell.swift */; };
		08E1F7BF20FA47DF0086F885 /* NAConfirmationAlert.swift in Sources */ = {isa = PBXBuildFile; fileRef = 08E1F7BE20FA47DF0086F885 /* NAConfirmationAlert.swift */; };
		08EF759020D240620031FA66 /* NAValidation.swift in Sources */ = {isa = PBXBuildFile; fileRef = 08EF758F20D240620031FA66 /* NAValidation.swift */; };
		422FF98720F8A9C8004089C2 /* PopupView.xib in Resources */ = {isa = PBXBuildFile; fileRef = 422FF98620F8A9C8004089C2 /* PopupView.xib */; };
		422FF98920F8A9DA004089C2 /* PopupView.swift in Sources */ = {isa = PBXBuildFile; fileRef = 422FF98820F8A9DA004089C2 /* PopupView.swift */; };
		4230EEB12108AB4F0037345D /* Main.storyboard in Resources */ = {isa = PBXBuildFile; fileRef = 4230EEAF2108AB4F0037345D /* Main.storyboard */; };
		423187D620F378E400F10A23 /* FirebaseAuth.framework in Frameworks */ = {isa = PBXBuildFile; fileRef = 423187D520F378E400F10A23 /* FirebaseAuth.framework */; };
		423187D820F378E400F10A23 /* FirebaseCore.framework in Frameworks */ = {isa = PBXBuildFile; fileRef = 423187D720F378E400F10A23 /* FirebaseCore.framework */; };
		423187DA20F378E400F10A23 /* FirebaseDatabase.framework in Frameworks */ = {isa = PBXBuildFile; fileRef = 423187D920F378E400F10A23 /* FirebaseDatabase.framework */; };
		423187DC20F378E400F10A23 /* FirebaseMessaging.framework in Frameworks */ = {isa = PBXBuildFile; fileRef = 423187DB20F378E400F10A23 /* FirebaseMessaging.framework */; };
		423187DE20F378E400F10A23 /* FirebaseStorage.framework in Frameworks */ = {isa = PBXBuildFile; fileRef = 423187DD20F378E400F10A23 /* FirebaseStorage.framework */; };
		423187E020F378E400F10A23 /* FirebaseUI.framework in Frameworks */ = {isa = PBXBuildFile; fileRef = 423187DF20F378E400F10A23 /* FirebaseUI.framework */; };
		423187E220F378E400F10A23 /* GoogleToolboxForMac.framework in Frameworks */ = {isa = PBXBuildFile; fileRef = 423187E120F378E400F10A23 /* GoogleToolboxForMac.framework */; };
		423187E420F378E400F10A23 /* GTMSessionFetcher.framework in Frameworks */ = {isa = PBXBuildFile; fileRef = 423187E320F378E400F10A23 /* GTMSessionFetcher.framework */; };
		423187E620F378E400F10A23 /* leveldb.framework in Frameworks */ = {isa = PBXBuildFile; fileRef = 423187E520F378E400F10A23 /* leveldb.framework */; };
		423187E820F378E400F10A23 /* nanopb.framework in Frameworks */ = {isa = PBXBuildFile; fileRef = 423187E720F378E400F10A23 /* nanopb.framework */; };
		423187EE20F378E400F10A23 /* Protobuf.framework in Frameworks */ = {isa = PBXBuildFile; fileRef = 423187ED20F378E400F10A23 /* Protobuf.framework */; };
		42329D1A20F9BF80000AA9AF /* OpacityView.swift in Sources */ = {isa = PBXBuildFile; fileRef = 42329D1920F9BF80000AA9AF /* OpacityView.swift */; };
		5D0A230692BD5675BDF1151F /* Pods_nammaApartment.framework in Frameworks */ = {isa = PBXBuildFile; fileRef = 7D32319EB7F3BC3F9FBA2319 /* Pods_nammaApartment.framework */; };
		5D18B39E20BA6E0A00758070 /* mySweetHomeCollectionViewCell.swift in Sources */ = {isa = PBXBuildFile; fileRef = 5D18B39D20BA6E0A00758070 /* mySweetHomeCollectionViewCell.swift */; };
		5D77428F210DD49F0049344F /* SearchViewController.swift in Sources */ = {isa = PBXBuildFile; fileRef = 5D77427B210DD49F0049344F /* SearchViewController.swift */; };
		5D774290210DD49F0049344F /* MyFlatTableViewCell.swift in Sources */ = {isa = PBXBuildFile; fileRef = 5D77427C210DD49F0049344F /* MyFlatTableViewCell.swift */; };
		5D774291210DD49F0049344F /* SearchTableViewCell.swift in Sources */ = {isa = PBXBuildFile; fileRef = 5D77427D210DD49F0049344F /* SearchTableViewCell.swift */; };
		5D774292210DD49F0049344F /* MyFlatDetailsViewController.swift in Sources */ = {isa = PBXBuildFile; fileRef = 5D77427E210DD49F0049344F /* MyFlatDetailsViewController.swift */; };
		5D774293210DD49F0049344F /* SplashRootViewController.swift in Sources */ = {isa = PBXBuildFile; fileRef = 5D774280210DD49F0049344F /* SplashRootViewController.swift */; };
		5D774294210DD49F0049344F /* RootViewController.swift in Sources */ = {isa = PBXBuildFile; fileRef = 5D774281210DD49F0049344F /* RootViewController.swift */; };
		5D774295210DD49F0049344F /* SplashApartmentServices.swift in Sources */ = {isa = PBXBuildFile; fileRef = 5D774282210DD49F0049344F /* SplashApartmentServices.swift */; };
		5D774296210DD49F0049344F /* SplashSocietyServices.swift in Sources */ = {isa = PBXBuildFile; fileRef = 5D774283210DD49F0049344F /* SplashSocietyServices.swift */; };
		5D774298210DD49F0049344F /* SplashNammaApartments.swift in Sources */ = {isa = PBXBuildFile; fileRef = 5D774285210DD49F0049344F /* SplashNammaApartments.swift */; };
		5D774299210DD49F0049344F /* DataModel.swift in Sources */ = {isa = PBXBuildFile; fileRef = 5D774288210DD49F0049344F /* DataModel.swift */; };
		5D77429A210DD49F0049344F /* OTPViewController.swift in Sources */ = {isa = PBXBuildFile; fileRef = 5D774289210DD49F0049344F /* OTPViewController.swift */; };
		5D77429B210DD49F0049344F /* Reachability.swift in Sources */ = {isa = PBXBuildFile; fileRef = 5D77428A210DD49F0049344F /* Reachability.swift */; };
		5D77429D210DD49F0049344F /* SignupViewController.swift in Sources */ = {isa = PBXBuildFile; fileRef = 5D77428D210DD49F0049344F /* SignupViewController.swift */; };
		5D77429E210DD49F0049344F /* LoginViewController.swift in Sources */ = {isa = PBXBuildFile; fileRef = 5D77428E210DD49F0049344F /* LoginViewController.swift */; };
		5D7742A2210E0ACB0049344F /* RetrieveFamilyMemberList.swift in Sources */ = {isa = PBXBuildFile; fileRef = 5D7742A1210E0ACB0049344F /* RetrieveFamilyMemberList.swift */; };
		5DD9DF2720FCC280002C13BB /* HandedHistory.swift in Sources */ = {isa = PBXBuildFile; fileRef = 5DD9DF2620FCC280002C13BB /* HandedHistory.swift */; };
		86114E5C20B56E4300656B56 /* EditMyServicesViewController.swift in Sources */ = {isa = PBXBuildFile; fileRef = 86114E5B20B56E4300656B56 /* EditMyServicesViewController.swift */; };
		86114E5E20B5A88D00656B56 /* NAViewPresenter.swift in Sources */ = {isa = PBXBuildFile; fileRef = 86114E5D20B5A88D00656B56 /* NAViewPresenter.swift */; };
		861CC00820B9AA99009EC0EF /* Lato-Italic.ttf in Resources */ = {isa = PBXBuildFile; fileRef = 861CBFFE20B9AA98009EC0EF /* Lato-Italic.ttf */; };
		861CC00920B9AA99009EC0EF /* Lato-LightItalic.ttf in Resources */ = {isa = PBXBuildFile; fileRef = 861CBFFF20B9AA98009EC0EF /* Lato-LightItalic.ttf */; };
		861CC00A20B9AA99009EC0EF /* Lato-Bold.ttf in Resources */ = {isa = PBXBuildFile; fileRef = 861CC00020B9AA98009EC0EF /* Lato-Bold.ttf */; };
		861CC00B20B9AA99009EC0EF /* Lato-Black.ttf in Resources */ = {isa = PBXBuildFile; fileRef = 861CC00120B9AA98009EC0EF /* Lato-Black.ttf */; };
		861CC00C20B9AA99009EC0EF /* Lato-HairlineItalic.ttf in Resources */ = {isa = PBXBuildFile; fileRef = 861CC00220B9AA98009EC0EF /* Lato-HairlineItalic.ttf */; };
		861CC00D20B9AA99009EC0EF /* Lato-Regular.ttf in Resources */ = {isa = PBXBuildFile; fileRef = 861CC00320B9AA98009EC0EF /* Lato-Regular.ttf */; };
		861CC00E20B9AA99009EC0EF /* Lato-Hairline.ttf in Resources */ = {isa = PBXBuildFile; fileRef = 861CC00420B9AA98009EC0EF /* Lato-Hairline.ttf */; };
		861CC00F20B9AA99009EC0EF /* Lato-BlackItalic.ttf in Resources */ = {isa = PBXBuildFile; fileRef = 861CC00520B9AA98009EC0EF /* Lato-BlackItalic.ttf */; };
		861CC01020B9AA99009EC0EF /* Lato-BoldItalic.ttf in Resources */ = {isa = PBXBuildFile; fileRef = 861CC00620B9AA98009EC0EF /* Lato-BoldItalic.ttf */; };
		861CC01120B9AA99009EC0EF /* Lato-Light.ttf in Resources */ = {isa = PBXBuildFile; fileRef = 861CC00720B9AA98009EC0EF /* Lato-Light.ttf */; };
		862700F7209707BB004B28EB /* AppDelegate.swift in Sources */ = {isa = PBXBuildFile; fileRef = 862700F6209707BB004B28EB /* AppDelegate.swift */; };
		862700FF209707BB004B28EB /* namaApartment.xcdatamodeld in Sources */ = {isa = PBXBuildFile; fileRef = 862700FD209707BB004B28EB /* namaApartment.xcdatamodeld */; };
		86270101209707BC004B28EB /* Assets.xcassets in Resources */ = {isa = PBXBuildFile; fileRef = 86270100209707BC004B28EB /* Assets.xcassets */; };
		86270104209707BC004B28EB /* LaunchScreen.storyboard in Resources */ = {isa = PBXBuildFile; fileRef = 86270102209707BC004B28EB /* LaunchScreen.storyboard */; };
		8627010F209707BC004B28EB /* namaApartmentTests.swift in Sources */ = {isa = PBXBuildFile; fileRef = 8627010E209707BC004B28EB /* namaApartmentTests.swift */; };
		8627011A209707BC004B28EB /* namaApartmentUITests.swift in Sources */ = {isa = PBXBuildFile; fileRef = 86270119209707BC004B28EB /* namaApartmentUITests.swift */; };
		86494B8D20C10E9300B9980C /* RescheduleMyGuestListViewController.swift in Sources */ = {isa = PBXBuildFile; fileRef = 86494B8C20C10E9300B9980C /* RescheduleMyGuestListViewController.swift */; };
		86548D80209C1FA300C700DA /* MainScreenTableViewCell.swift in Sources */ = {isa = PBXBuildFile; fileRef = 86548D7F209C1FA300C700DA /* MainScreenTableViewCell.swift */; };
		86548D82209C1FB500C700DA /* MainScreenViewController.swift in Sources */ = {isa = PBXBuildFile; fileRef = 86548D81209C1FB500C700DA /* MainScreenViewController.swift */; };
		86548D84209C343F00C700DA /* NAString.swift in Sources */ = {isa = PBXBuildFile; fileRef = 86548D83209C343F00C700DA /* NAString.swift */; };
		86548D87209C63C700C700DA /* DigitalGateViewController.swift in Sources */ = {isa = PBXBuildFile; fileRef = 86548D86209C63C700C700DA /* DigitalGateViewController.swift */; };
		86548D89209C662200C700DA /* DigitalGateCollectionViewCell.swift in Sources */ = {isa = PBXBuildFile; fileRef = 86548D88209C662200C700DA /* DigitalGateCollectionViewCell.swift */; };
		865C7BCC209D838200443C75 /* InviteVisitorViewController.swift in Sources */ = {isa = PBXBuildFile; fileRef = 865C7BCB209D838200443C75 /* InviteVisitorViewController.swift */; };
		86646BBE20AB0472002A92B8 /* EmergencyViewController.swift in Sources */ = {isa = PBXBuildFile; fileRef = 86646BBD20AB0472002A92B8 /* EmergencyViewController.swift */; };
		86646BC020AB0704002A92B8 /* EmergencyCollectionViewCell.swift in Sources */ = {isa = PBXBuildFile; fileRef = 86646BBF20AB0704002A92B8 /* EmergencyCollectionViewCell.swift */; };
		86646BC220AB1530002A92B8 /* RaiseAlarmViewController.swift in Sources */ = {isa = PBXBuildFile; fileRef = 86646BC120AB1530002A92B8 /* RaiseAlarmViewController.swift */; };
		8672B3BB20A97F5D0040A5E2 /* MyDailyServicesViewController.swift in Sources */ = {isa = PBXBuildFile; fileRef = 8672B3BA20A97F5D0040A5E2 /* MyDailyServicesViewController.swift */; };
		8672B3BD20A97FD40040A5E2 /* NANavigationViewController.swift in Sources */ = {isa = PBXBuildFile; fileRef = 8672B3BC20A97FD40040A5E2 /* NANavigationViewController.swift */; };
		8672B3BF20A9951B0040A5E2 /* MyDailyServicesCollectionViewCell.swift in Sources */ = {isa = PBXBuildFile; fileRef = 8672B3BE20A9951B0040A5E2 /* MyDailyServicesCollectionViewCell.swift */; };
		8679B78021022C0C0020B004 /* NADailyServices.swift in Sources */ = {isa = PBXBuildFile; fileRef = 8679B77F21022C0C0020B004 /* NADailyServices.swift */; };
		867CFF2920A43E9F00EDB966 /* HandedThingsToGuestViewController.swift in Sources */ = {isa = PBXBuildFile; fileRef = 867CFF2820A43E9F00EDB966 /* HandedThingsToGuestViewController.swift */; };
		867CFF2B20A43EB500EDB966 /* HandedThingsToGuestTableViewCell.swift in Sources */ = {isa = PBXBuildFile; fileRef = 867CFF2A20A43EB500EDB966 /* HandedThingsToGuestTableViewCell.swift */; };
		867DFFA920AEA3BB00A45895 /* MySweetHomeViewController.swift in Sources */ = {isa = PBXBuildFile; fileRef = 867DFFA820AEA3BB00A45895 /* MySweetHomeViewController.swift */; };
		867FF1BA20FC737B00A6A4C9 /* NAExpectingArrival.swift in Sources */ = {isa = PBXBuildFile; fileRef = 867FF1B920FC737B00A6A4C9 /* NAExpectingArrival.swift */; };
		868D189220DA4ACD007AD1D0 /* UserFlatDetails.swift in Sources */ = {isa = PBXBuildFile; fileRef = 868D189120DA4ACD007AD1D0 /* UserFlatDetails.swift */; };
		868D189420DA4B11007AD1D0 /* UserPersonalDetails.swift in Sources */ = {isa = PBXBuildFile; fileRef = 868D189320DA4B11007AD1D0 /* UserPersonalDetails.swift */; };
		868D189620DA4B3E007AD1D0 /* UserPrivileges.swift in Sources */ = {isa = PBXBuildFile; fileRef = 868D189520DA4B3E007AD1D0 /* UserPrivileges.swift */; };
		869306C720F23AF70069305D /* GoogleService-Info.plist in Resources */ = {isa = PBXBuildFile; fileRef = 869306C620F23AF60069305D /* GoogleService-Info.plist */; };
		869EA5E720FB7A7000AA7B66 /* NammaApartmentArrival.swift in Sources */ = {isa = PBXBuildFile; fileRef = 869EA5E620FB7A7000AA7B66 /* NammaApartmentArrival.swift */; };
		86A48B4920DE7FEF00DC0CAE /* NAActivityIndicator.swift in Sources */ = {isa = PBXBuildFile; fileRef = 86A48B4820DE7FEF00DC0CAE /* NAActivityIndicator.swift */; };
		86A48B4B20DE8A6300DC0CAE /* NAFirebase.swift in Sources */ = {isa = PBXBuildFile; fileRef = 86A48B4A20DE8A6300DC0CAE /* NAFirebase.swift */; };
		86A4D4A520D57047007890D2 /* NAUser.swift in Sources */ = {isa = PBXBuildFile; fileRef = 86A4D4A420D57047007890D2 /* NAUser.swift */; };
		86A8B936209EC9FF00EA1C35 /* Contacts.framework in Frameworks */ = {isa = PBXBuildFile; fileRef = 86A8B934209EC9FF00EA1C35 /* Contacts.framework */; };
		86A8B937209EC9FF00EA1C35 /* ContactsUI.framework in Frameworks */ = {isa = PBXBuildFile; fileRef = 86A8B935209EC9FF00EA1C35 /* ContactsUI.framework */; };
		86B1A8DA20D50EAB00D90D88 /* NammaApartmentVisitor.swift in Sources */ = {isa = PBXBuildFile; fileRef = 86B1A8D920D50EAB00D90D88 /* NammaApartmentVisitor.swift */; };
		86B1A8DC20D5276200D90D88 /* NAFBConstants.swift in Sources */ = {isa = PBXBuildFile; fileRef = 86B1A8DB20D5276200D90D88 /* NAFBConstants.swift */; };
		86BD74EC209A2E7000B159A3 /* NAFont.swift in Sources */ = {isa = PBXBuildFile; fileRef = 86BD74EB209A2E7000B159A3 /* NAFont.swift */; };
		86BD74EE209A2EB500B159A3 /* NAColor.swift in Sources */ = {isa = PBXBuildFile; fileRef = 86BD74ED209A2EB500B159A3 /* NAColor.swift */; };
		86BF6A4120A0325200B175A1 /* MyGuestListCollectionViewCell.swift in Sources */ = {isa = PBXBuildFile; fileRef = 86BF6A4020A0325200B175A1 /* MyGuestListCollectionViewCell.swift */; };
		86BF6A4320A0326E00B175A1 /* MyGuestListViewController.swift in Sources */ = {isa = PBXBuildFile; fileRef = 86BF6A4220A0326E00B175A1 /* MyGuestListViewController.swift */; };
		86BF6A4620A0579600B175A1 /* NotifyDigiGateViewController.swift in Sources */ = {isa = PBXBuildFile; fileRef = 86BF6A4520A0579600B175A1 /* NotifyDigiGateViewController.swift */; };
		86BF6A4A20A05EA000B175A1 /* NotifyDigiGateCollectionViewCell.swift in Sources */ = {isa = PBXBuildFile; fileRef = 86BF6A4920A05EA000B175A1 /* NotifyDigiGateCollectionViewCell.swift */; };
		86D19EFA20A2B26300FB7DC8 /* ExpectingArrivalViewController.swift in Sources */ = {isa = PBXBuildFile; fileRef = 86D19EF920A2B26300FB7DC8 /* ExpectingArrivalViewController.swift */; };
		86E83E4520A9B0D000FA7CA7 /* AddMyServicesViewController.swift in Sources */ = {isa = PBXBuildFile; fileRef = 86E83E4420A9B0D000FA7CA7 /* AddMyServicesViewController.swift */; };
		86FEE60B20DBB4F00023DC94 /* NammaApartmentDailyServices.swift in Sources */ = {isa = PBXBuildFile; fileRef = 86FEE60A20DBB4F00023DC94 /* NammaApartmentDailyServices.swift */; };
		AE89B264571E0E8BB68725DE /* Pods_nammaApartmentTests.framework in Frameworks */ = {isa = PBXBuildFile; fileRef = E236AF21BBE4186258696358 /* Pods_nammaApartmentTests.framework */; };
		DD38302D57353FCCC56D30E5 /* Pods_nammaApartmentUITests.framework in Frameworks */ = {isa = PBXBuildFile; fileRef = 8E9E4FA99AFC6477243245A6 /* Pods_nammaApartmentUITests.framework */; };
/* End PBXBuildFile section */

/* Begin PBXContainerItemProxy section */
		8627010B209707BC004B28EB /* PBXContainerItemProxy */ = {
			isa = PBXContainerItemProxy;
			containerPortal = 862700EB209707BB004B28EB /* Project object */;
			proxyType = 1;
			remoteGlobalIDString = 862700F2209707BB004B28EB;
			remoteInfo = namaAppartment;
		};
		86270116209707BC004B28EB /* PBXContainerItemProxy */ = {
			isa = PBXContainerItemProxy;
			containerPortal = 862700EB209707BB004B28EB /* Project object */;
			proxyType = 1;
			remoteGlobalIDString = 862700F2209707BB004B28EB;
			remoteInfo = namaAppartment;
		};
/* End PBXContainerItemProxy section */

/* Begin PBXFileReference section */
		0816E56620E75A4700116FD0 /* MyVisitorsListViewController.swift */ = {isa = PBXFileReference; lastKnownFileType = sourcecode.swift; path = MyVisitorsListViewController.swift; sourceTree = "<group>"; };
		0816E56820E75B5F00116FD0 /* MyVisitorsListCollectionViewCell.swift */ = {isa = PBXFileReference; lastKnownFileType = sourcecode.swift; path = MyVisitorsListCollectionViewCell.swift; sourceTree = "<group>"; };
		0816E57920EA77E700116FD0 /* EditMyProfileTableViewCell.swift */ = {isa = PBXFileReference; fileEncoding = 4; lastKnownFileType = sourcecode.swift; path = EditMyProfileTableViewCell.swift; sourceTree = "<group>"; };
		0816E57A20EA77E700116FD0 /* EditMyProfileViewController.swift */ = {isa = PBXFileReference; fileEncoding = 4; lastKnownFileType = sourcecode.swift; path = EditMyProfileViewController.swift; sourceTree = "<group>"; };
		0818AA5A20DBBFC4000A4B89 /* AddMyFamilyMembersViewController.swift */ = {isa = PBXFileReference; lastKnownFileType = sourcecode.swift; path = AddMyFamilyMembersViewController.swift; sourceTree = "<group>"; };
		081B49E620F32740006D502A /* HandedThingsGuestHistoryViewController.swift */ = {isa = PBXFileReference; lastKnownFileType = sourcecode.swift; path = HandedThingsGuestHistoryViewController.swift; sourceTree = "<group>"; };
		081B49E820F32D03006D502A /* HandedThingsGuestHistoryCollectionViewCell.swift */ = {isa = PBXFileReference; lastKnownFileType = sourcecode.swift; path = HandedThingsGuestHistoryCollectionViewCell.swift; sourceTree = "<group>"; };
		081F25D0210C8EB60065F90E /* RetrievingGuestList.swift */ = {isa = PBXFileReference; lastKnownFileType = sourcecode.swift; path = RetrievingGuestList.swift; sourceTree = "<group>"; };
		08355B0C210E2CB700F671D2 /* NammaApartmentEmergency.swift */ = {isa = PBXFileReference; lastKnownFileType = sourcecode.swift; path = NammaApartmentEmergency.swift; sourceTree = "<group>"; };
		083D5C8420F87E2F00F549AF /* HandedThingsDailyServicesHistoryViewController.swift */ = {isa = PBXFileReference; lastKnownFileType = sourcecode.swift; path = HandedThingsDailyServicesHistoryViewController.swift; sourceTree = "<group>"; };
		083D5C8620F87E6800F549AF /* HandedThingsDailyServicesHistoryCollectionViewCell.swift */ = {isa = PBXFileReference; lastKnownFileType = sourcecode.swift; path = HandedThingsDailyServicesHistoryCollectionViewCell.swift; sourceTree = "<group>"; };
		083D5C8820F8A96600F549AF /* HandedThingsToDailyServicesViewController.swift */ = {isa = PBXFileReference; lastKnownFileType = sourcecode.swift; path = HandedThingsToDailyServicesViewController.swift; sourceTree = "<group>"; };
		083D5C8A20F8A99200F549AF /* HandedThingsToDailyServicesTableViewCell.swift */ = {isa = PBXFileReference; lastKnownFileType = sourcecode.swift; path = HandedThingsToDailyServicesTableViewCell.swift; sourceTree = "<group>"; };
		084D963C2100C92900BE9D3D /* NavigationMenuViewController.swift */ = {isa = PBXFileReference; lastKnownFileType = sourcecode.swift; path = NavigationMenuViewController.swift; sourceTree = "<group>"; };
		084D963E2100CAD100BE9D3D /* NavigationMenuTableViewCell.swift */ = {isa = PBXFileReference; lastKnownFileType = sourcecode.swift; path = NavigationMenuTableViewCell.swift; sourceTree = "<group>"; };
		085646712101FA0C00C5FBF6 /* HelpViewController.swift */ = {isa = PBXFileReference; lastKnownFileType = sourcecode.swift; path = HelpViewController.swift; sourceTree = "<group>"; };
		085646732101FA3300C5FBF6 /* HelpCollectionViewCell.swift */ = {isa = PBXFileReference; lastKnownFileType = sourcecode.swift; path = HelpCollectionViewCell.swift; sourceTree = "<group>"; };
		085646752101FA6D00C5FBF6 /* SettingsViewController.swift */ = {isa = PBXFileReference; lastKnownFileType = sourcecode.swift; path = SettingsViewController.swift; sourceTree = "<group>"; };
		085646772101FA9F00C5FBF6 /* SettingsCollectionViewCell.swift */ = {isa = PBXFileReference; lastKnownFileType = sourcecode.swift; path = SettingsCollectionViewCell.swift; sourceTree = "<group>"; };
		0856467921020CBE00C5FBF6 /* NAShodowEffect.swift */ = {isa = PBXFileReference; lastKnownFileType = sourcecode.swift; path = NAShodowEffect.swift; sourceTree = "<group>"; };
		0856467B210215A300C5FBF6 /* NotificationSettingsViewController.swift */ = {isa = PBXFileReference; lastKnownFileType = sourcecode.swift; path = NotificationSettingsViewController.swift; sourceTree = "<group>"; };
		0856467D210215E800C5FBF6 /* GeneralSettingsViewController.swift */ = {isa = PBXFileReference; lastKnownFileType = sourcecode.swift; path = GeneralSettingsViewController.swift; sourceTree = "<group>"; };
		0856467F2102CD9E00C5FBF6 /* NotificationSettingsTableViewCell.swift */ = {isa = PBXFileReference; lastKnownFileType = sourcecode.swift; path = NotificationSettingsTableViewCell.swift; sourceTree = "<group>"; };
		086081F82104A90900B5990C /* RateUsView.xib */ = {isa = PBXFileReference; lastKnownFileType = file.xib; path = RateUsView.xib; sourceTree = "<group>"; };
		086081FA2104B19000B5990C /* RateUsView.swift */ = {isa = PBXFileReference; lastKnownFileType = sourcecode.swift; path = RateUsView.swift; sourceTree = "<group>"; };
		089A94B7210836940088F519 /* NoticeBoardViewController.swift */ = {isa = PBXFileReference; lastKnownFileType = sourcecode.swift; path = NoticeBoardViewController.swift; sourceTree = "<group>"; };
		089A94B9210837CA0088F519 /* NoticeBoardCollectionViewCell.swift */ = {isa = PBXFileReference; lastKnownFileType = sourcecode.swift; path = NoticeBoardCollectionViewCell.swift; sourceTree = "<group>"; };
		08E1F7BA20F9DCC40086F885 /* CabAndPackageArrivalCardListViewController.swift */ = {isa = PBXFileReference; lastKnownFileType = sourcecode.swift; path = CabAndPackageArrivalCardListViewController.swift; sourceTree = "<group>"; };
		08E1F7BC20F9E1120086F885 /* CabAndPackageArrivalCardListCollectionViewCell.swift */ = {isa = PBXFileReference; lastKnownFileType = sourcecode.swift; path = CabAndPackageArrivalCardListCollectionViewCell.swift; sourceTree = "<group>"; };
		08E1F7BE20FA47DF0086F885 /* NAConfirmationAlert.swift */ = {isa = PBXFileReference; lastKnownFileType = sourcecode.swift; path = NAConfirmationAlert.swift; sourceTree = "<group>"; };
		08EF758F20D240620031FA66 /* NAValidation.swift */ = {isa = PBXFileReference; lastKnownFileType = sourcecode.swift; path = NAValidation.swift; sourceTree = "<group>"; };
		0A57802A1AA1E8103BBFEF75 /* Pods-nammaApartment.debug.xcconfig */ = {isa = PBXFileReference; includeInIndex = 1; lastKnownFileType = text.xcconfig; name = "Pods-nammaApartment.debug.xcconfig"; path = "Pods/Target Support Files/Pods-nammaApartment/Pods-nammaApartment.debug.xcconfig"; sourceTree = "<group>"; };
		422FF98620F8A9C8004089C2 /* PopupView.xib */ = {isa = PBXFileReference; lastKnownFileType = file.xib; path = PopupView.xib; sourceTree = "<group>"; };
		422FF98820F8A9DA004089C2 /* PopupView.swift */ = {isa = PBXFileReference; lastKnownFileType = sourcecode.swift; path = PopupView.swift; sourceTree = "<group>"; };
		4230EEB02108AB4F0037345D /* Base */ = {isa = PBXFileReference; lastKnownFileType = file.storyboard; name = Base; path = Base.lproj/Main.storyboard; sourceTree = "<group>"; };
		423187D520F378E400F10A23 /* FirebaseAuth.framework */ = {isa = PBXFileReference; explicitFileType = wrapper.framework; path = FirebaseAuth.framework; sourceTree = BUILT_PRODUCTS_DIR; };
		423187D720F378E400F10A23 /* FirebaseCore.framework */ = {isa = PBXFileReference; explicitFileType = wrapper.framework; path = FirebaseCore.framework; sourceTree = BUILT_PRODUCTS_DIR; };
		423187D920F378E400F10A23 /* FirebaseDatabase.framework */ = {isa = PBXFileReference; explicitFileType = wrapper.framework; path = FirebaseDatabase.framework; sourceTree = BUILT_PRODUCTS_DIR; };
		423187DB20F378E400F10A23 /* FirebaseMessaging.framework */ = {isa = PBXFileReference; explicitFileType = wrapper.framework; path = FirebaseMessaging.framework; sourceTree = BUILT_PRODUCTS_DIR; };
		423187DD20F378E400F10A23 /* FirebaseStorage.framework */ = {isa = PBXFileReference; explicitFileType = wrapper.framework; path = FirebaseStorage.framework; sourceTree = BUILT_PRODUCTS_DIR; };
		423187DF20F378E400F10A23 /* FirebaseUI.framework */ = {isa = PBXFileReference; explicitFileType = wrapper.framework; path = FirebaseUI.framework; sourceTree = BUILT_PRODUCTS_DIR; };
		423187E120F378E400F10A23 /* GoogleToolboxForMac.framework */ = {isa = PBXFileReference; explicitFileType = wrapper.framework; path = GoogleToolboxForMac.framework; sourceTree = BUILT_PRODUCTS_DIR; };
		423187E320F378E400F10A23 /* GTMSessionFetcher.framework */ = {isa = PBXFileReference; explicitFileType = wrapper.framework; path = GTMSessionFetcher.framework; sourceTree = BUILT_PRODUCTS_DIR; };
		423187E520F378E400F10A23 /* leveldb.framework */ = {isa = PBXFileReference; explicitFileType = wrapper.framework; path = leveldb.framework; sourceTree = BUILT_PRODUCTS_DIR; };
		423187E720F378E400F10A23 /* nanopb.framework */ = {isa = PBXFileReference; explicitFileType = wrapper.framework; path = nanopb.framework; sourceTree = BUILT_PRODUCTS_DIR; };
		423187ED20F378E400F10A23 /* Protobuf.framework */ = {isa = PBXFileReference; explicitFileType = wrapper.framework; path = Protobuf.framework; sourceTree = BUILT_PRODUCTS_DIR; };
		42329D1920F9BF80000AA9AF /* OpacityView.swift */ = {isa = PBXFileReference; lastKnownFileType = sourcecode.swift; path = OpacityView.swift; sourceTree = "<group>"; };
		57024B9AAB6FF7DBC02BCC40 /* Pods-nammaApartmentUITests.debug.xcconfig */ = {isa = PBXFileReference; includeInIndex = 1; lastKnownFileType = text.xcconfig; name = "Pods-nammaApartmentUITests.debug.xcconfig"; path = "Pods/Target Support Files/Pods-nammaApartmentUITests/Pods-nammaApartmentUITests.debug.xcconfig"; sourceTree = "<group>"; };
		5D18B39D20BA6E0A00758070 /* mySweetHomeCollectionViewCell.swift */ = {isa = PBXFileReference; lastKnownFileType = sourcecode.swift; path = mySweetHomeCollectionViewCell.swift; sourceTree = "<group>"; };
		5D77427B210DD49F0049344F /* SearchViewController.swift */ = {isa = PBXFileReference; fileEncoding = 4; lastKnownFileType = sourcecode.swift; path = SearchViewController.swift; sourceTree = "<group>"; };
		5D77427C210DD49F0049344F /* MyFlatTableViewCell.swift */ = {isa = PBXFileReference; fileEncoding = 4; lastKnownFileType = sourcecode.swift; path = MyFlatTableViewCell.swift; sourceTree = "<group>"; };
		5D77427D210DD49F0049344F /* SearchTableViewCell.swift */ = {isa = PBXFileReference; fileEncoding = 4; lastKnownFileType = sourcecode.swift; path = SearchTableViewCell.swift; sourceTree = "<group>"; };
		5D77427E210DD49F0049344F /* MyFlatDetailsViewController.swift */ = {isa = PBXFileReference; fileEncoding = 4; lastKnownFileType = sourcecode.swift; path = MyFlatDetailsViewController.swift; sourceTree = "<group>"; };
		5D774280210DD49F0049344F /* SplashRootViewController.swift */ = {isa = PBXFileReference; fileEncoding = 4; lastKnownFileType = sourcecode.swift; path = SplashRootViewController.swift; sourceTree = "<group>"; };
		5D774281210DD49F0049344F /* RootViewController.swift */ = {isa = PBXFileReference; fileEncoding = 4; lastKnownFileType = sourcecode.swift; path = RootViewController.swift; sourceTree = "<group>"; };
		5D774282210DD49F0049344F /* SplashApartmentServices.swift */ = {isa = PBXFileReference; fileEncoding = 4; lastKnownFileType = sourcecode.swift; path = SplashApartmentServices.swift; sourceTree = "<group>"; };
		5D774283210DD49F0049344F /* SplashSocietyServices.swift */ = {isa = PBXFileReference; fileEncoding = 4; lastKnownFileType = sourcecode.swift; path = SplashSocietyServices.swift; sourceTree = "<group>"; };
		5D774285210DD49F0049344F /* SplashNammaApartments.swift */ = {isa = PBXFileReference; fileEncoding = 4; lastKnownFileType = sourcecode.swift; path = SplashNammaApartments.swift; sourceTree = "<group>"; };
		5D774288210DD49F0049344F /* DataModel.swift */ = {isa = PBXFileReference; fileEncoding = 4; lastKnownFileType = sourcecode.swift; path = DataModel.swift; sourceTree = "<group>"; };
		5D774289210DD49F0049344F /* OTPViewController.swift */ = {isa = PBXFileReference; fileEncoding = 4; lastKnownFileType = sourcecode.swift; path = OTPViewController.swift; sourceTree = "<group>"; };
		5D77428A210DD49F0049344F /* Reachability.swift */ = {isa = PBXFileReference; fileEncoding = 4; lastKnownFileType = sourcecode.swift; path = Reachability.swift; sourceTree = "<group>"; };
		5D77428D210DD49F0049344F /* SignupViewController.swift */ = {isa = PBXFileReference; fileEncoding = 4; lastKnownFileType = sourcecode.swift; path = SignupViewController.swift; sourceTree = "<group>"; };
		5D77428E210DD49F0049344F /* LoginViewController.swift */ = {isa = PBXFileReference; fileEncoding = 4; lastKnownFileType = sourcecode.swift; path = LoginViewController.swift; sourceTree = "<group>"; };
		5D7742A1210E0ACB0049344F /* RetrieveFamilyMemberList.swift */ = {isa = PBXFileReference; lastKnownFileType = sourcecode.swift; path = RetrieveFamilyMemberList.swift; sourceTree = "<group>"; };
		5DD9DF2620FCC280002C13BB /* HandedHistory.swift */ = {isa = PBXFileReference; lastKnownFileType = sourcecode.swift; path = HandedHistory.swift; sourceTree = "<group>"; };
		7D32319EB7F3BC3F9FBA2319 /* Pods_nammaApartment.framework */ = {isa = PBXFileReference; explicitFileType = wrapper.framework; includeInIndex = 0; path = Pods_nammaApartment.framework; sourceTree = BUILT_PRODUCTS_DIR; };
		84B8A2E220ED171204623A20 /* Pods-nammaApartmentUITests.release.xcconfig */ = {isa = PBXFileReference; includeInIndex = 1; lastKnownFileType = text.xcconfig; name = "Pods-nammaApartmentUITests.release.xcconfig"; path = "Pods/Target Support Files/Pods-nammaApartmentUITests/Pods-nammaApartmentUITests.release.xcconfig"; sourceTree = "<group>"; };
		86114E5B20B56E4300656B56 /* EditMyServicesViewController.swift */ = {isa = PBXFileReference; lastKnownFileType = sourcecode.swift; path = EditMyServicesViewController.swift; sourceTree = "<group>"; };
		86114E5D20B5A88D00656B56 /* NAViewPresenter.swift */ = {isa = PBXFileReference; lastKnownFileType = sourcecode.swift; path = NAViewPresenter.swift; sourceTree = "<group>"; };
		861CBFFE20B9AA98009EC0EF /* Lato-Italic.ttf */ = {isa = PBXFileReference; lastKnownFileType = file; path = "Lato-Italic.ttf"; sourceTree = "<group>"; };
		861CBFFF20B9AA98009EC0EF /* Lato-LightItalic.ttf */ = {isa = PBXFileReference; lastKnownFileType = file; path = "Lato-LightItalic.ttf"; sourceTree = "<group>"; };
		861CC00020B9AA98009EC0EF /* Lato-Bold.ttf */ = {isa = PBXFileReference; lastKnownFileType = file; path = "Lato-Bold.ttf"; sourceTree = "<group>"; };
		861CC00120B9AA98009EC0EF /* Lato-Black.ttf */ = {isa = PBXFileReference; lastKnownFileType = file; path = "Lato-Black.ttf"; sourceTree = "<group>"; };
		861CC00220B9AA98009EC0EF /* Lato-HairlineItalic.ttf */ = {isa = PBXFileReference; lastKnownFileType = file; path = "Lato-HairlineItalic.ttf"; sourceTree = "<group>"; };
		861CC00320B9AA98009EC0EF /* Lato-Regular.ttf */ = {isa = PBXFileReference; lastKnownFileType = file; path = "Lato-Regular.ttf"; sourceTree = "<group>"; };
		861CC00420B9AA98009EC0EF /* Lato-Hairline.ttf */ = {isa = PBXFileReference; lastKnownFileType = file; path = "Lato-Hairline.ttf"; sourceTree = "<group>"; };
		861CC00520B9AA98009EC0EF /* Lato-BlackItalic.ttf */ = {isa = PBXFileReference; lastKnownFileType = file; path = "Lato-BlackItalic.ttf"; sourceTree = "<group>"; };
		861CC00620B9AA98009EC0EF /* Lato-BoldItalic.ttf */ = {isa = PBXFileReference; lastKnownFileType = file; path = "Lato-BoldItalic.ttf"; sourceTree = "<group>"; };
		861CC00720B9AA98009EC0EF /* Lato-Light.ttf */ = {isa = PBXFileReference; lastKnownFileType = file; path = "Lato-Light.ttf"; sourceTree = "<group>"; };
		862700F3209707BB004B28EB /* nammaApartment.app */ = {isa = PBXFileReference; explicitFileType = wrapper.application; includeInIndex = 0; path = nammaApartment.app; sourceTree = BUILT_PRODUCTS_DIR; };
		862700F6209707BB004B28EB /* AppDelegate.swift */ = {isa = PBXFileReference; lastKnownFileType = sourcecode.swift; path = AppDelegate.swift; sourceTree = "<group>"; };
		862700FE209707BB004B28EB /* namaAppartment.xcdatamodel */ = {isa = PBXFileReference; lastKnownFileType = wrapper.xcdatamodel; path = namaAppartment.xcdatamodel; sourceTree = "<group>"; };
		86270100209707BC004B28EB /* Assets.xcassets */ = {isa = PBXFileReference; lastKnownFileType = folder.assetcatalog; path = Assets.xcassets; sourceTree = "<group>"; };
		86270103209707BC004B28EB /* Base */ = {isa = PBXFileReference; lastKnownFileType = file.storyboard; name = Base; path = Base.lproj/LaunchScreen.storyboard; sourceTree = "<group>"; };
		86270105209707BC004B28EB /* Info.plist */ = {isa = PBXFileReference; lastKnownFileType = text.plist.xml; path = Info.plist; sourceTree = "<group>"; };
		8627010A209707BC004B28EB /* nammaApartmentTests.xctest */ = {isa = PBXFileReference; explicitFileType = wrapper.cfbundle; includeInIndex = 0; path = nammaApartmentTests.xctest; sourceTree = BUILT_PRODUCTS_DIR; };
		8627010E209707BC004B28EB /* namaApartmentTests.swift */ = {isa = PBXFileReference; lastKnownFileType = sourcecode.swift; path = namaApartmentTests.swift; sourceTree = "<group>"; };
		86270110209707BC004B28EB /* Info.plist */ = {isa = PBXFileReference; lastKnownFileType = text.plist.xml; path = Info.plist; sourceTree = "<group>"; };
		86270115209707BC004B28EB /* nammaApartmentUITests.xctest */ = {isa = PBXFileReference; explicitFileType = wrapper.cfbundle; includeInIndex = 0; path = nammaApartmentUITests.xctest; sourceTree = BUILT_PRODUCTS_DIR; };
		86270119209707BC004B28EB /* namaApartmentUITests.swift */ = {isa = PBXFileReference; lastKnownFileType = sourcecode.swift; path = namaApartmentUITests.swift; sourceTree = "<group>"; };
		8627011B209707BC004B28EB /* Info.plist */ = {isa = PBXFileReference; lastKnownFileType = text.plist.xml; path = Info.plist; sourceTree = "<group>"; };
		86494B8C20C10E9300B9980C /* RescheduleMyGuestListViewController.swift */ = {isa = PBXFileReference; lastKnownFileType = sourcecode.swift; path = RescheduleMyGuestListViewController.swift; sourceTree = "<group>"; };
		86548D7F209C1FA300C700DA /* MainScreenTableViewCell.swift */ = {isa = PBXFileReference; lastKnownFileType = sourcecode.swift; path = MainScreenTableViewCell.swift; sourceTree = "<group>"; };
		86548D81209C1FB500C700DA /* MainScreenViewController.swift */ = {isa = PBXFileReference; lastKnownFileType = sourcecode.swift; path = MainScreenViewController.swift; sourceTree = "<group>"; };
		86548D83209C343F00C700DA /* NAString.swift */ = {isa = PBXFileReference; lastKnownFileType = sourcecode.swift; path = NAString.swift; sourceTree = "<group>"; };
		86548D86209C63C700C700DA /* DigitalGateViewController.swift */ = {isa = PBXFileReference; lastKnownFileType = sourcecode.swift; path = DigitalGateViewController.swift; sourceTree = "<group>"; };
		86548D88209C662200C700DA /* DigitalGateCollectionViewCell.swift */ = {isa = PBXFileReference; lastKnownFileType = sourcecode.swift; path = DigitalGateCollectionViewCell.swift; sourceTree = "<group>"; };
		865C7BCB209D838200443C75 /* InviteVisitorViewController.swift */ = {isa = PBXFileReference; lastKnownFileType = sourcecode.swift; path = InviteVisitorViewController.swift; sourceTree = "<group>"; };
		86646BBD20AB0472002A92B8 /* EmergencyViewController.swift */ = {isa = PBXFileReference; lastKnownFileType = sourcecode.swift; path = EmergencyViewController.swift; sourceTree = "<group>"; };
		86646BBF20AB0704002A92B8 /* EmergencyCollectionViewCell.swift */ = {isa = PBXFileReference; lastKnownFileType = sourcecode.swift; path = EmergencyCollectionViewCell.swift; sourceTree = "<group>"; };
		86646BC120AB1530002A92B8 /* RaiseAlarmViewController.swift */ = {isa = PBXFileReference; lastKnownFileType = sourcecode.swift; path = RaiseAlarmViewController.swift; sourceTree = "<group>"; };
		8672B3BA20A97F5D0040A5E2 /* MyDailyServicesViewController.swift */ = {isa = PBXFileReference; lastKnownFileType = sourcecode.swift; path = MyDailyServicesViewController.swift; sourceTree = "<group>"; };
		8672B3BC20A97FD40040A5E2 /* NANavigationViewController.swift */ = {isa = PBXFileReference; lastKnownFileType = sourcecode.swift; path = NANavigationViewController.swift; sourceTree = "<group>"; };
		8672B3BE20A9951B0040A5E2 /* MyDailyServicesCollectionViewCell.swift */ = {isa = PBXFileReference; lastKnownFileType = sourcecode.swift; path = MyDailyServicesCollectionViewCell.swift; sourceTree = "<group>"; };
		8679B77F21022C0C0020B004 /* NADailyServices.swift */ = {isa = PBXFileReference; lastKnownFileType = sourcecode.swift; path = NADailyServices.swift; sourceTree = "<group>"; };
		867CFF2820A43E9F00EDB966 /* HandedThingsToGuestViewController.swift */ = {isa = PBXFileReference; lastKnownFileType = sourcecode.swift; path = HandedThingsToGuestViewController.swift; sourceTree = "<group>"; };
		867CFF2A20A43EB500EDB966 /* HandedThingsToGuestTableViewCell.swift */ = {isa = PBXFileReference; lastKnownFileType = sourcecode.swift; path = HandedThingsToGuestTableViewCell.swift; sourceTree = "<group>"; };
		867DFFA820AEA3BB00A45895 /* MySweetHomeViewController.swift */ = {isa = PBXFileReference; lastKnownFileType = sourcecode.swift; path = MySweetHomeViewController.swift; sourceTree = "<group>"; };
		867FF1B920FC737B00A6A4C9 /* NAExpectingArrival.swift */ = {isa = PBXFileReference; lastKnownFileType = sourcecode.swift; path = NAExpectingArrival.swift; sourceTree = "<group>"; };
		868D189120DA4ACD007AD1D0 /* UserFlatDetails.swift */ = {isa = PBXFileReference; lastKnownFileType = sourcecode.swift; path = UserFlatDetails.swift; sourceTree = "<group>"; };
		868D189320DA4B11007AD1D0 /* UserPersonalDetails.swift */ = {isa = PBXFileReference; lastKnownFileType = sourcecode.swift; path = UserPersonalDetails.swift; sourceTree = "<group>"; };
		868D189520DA4B3E007AD1D0 /* UserPrivileges.swift */ = {isa = PBXFileReference; lastKnownFileType = sourcecode.swift; path = UserPrivileges.swift; sourceTree = "<group>"; };
		869306C520F22D050069305D /* nammaApartment.entitlements */ = {isa = PBXFileReference; fileEncoding = 4; lastKnownFileType = text.plist.entitlements; path = nammaApartment.entitlements; sourceTree = "<group>"; };
		869306C620F23AF60069305D /* GoogleService-Info.plist */ = {isa = PBXFileReference; fileEncoding = 4; lastKnownFileType = text.plist.xml; path = "GoogleService-Info.plist"; sourceTree = "<group>"; };
		869EA5E620FB7A7000AA7B66 /* NammaApartmentArrival.swift */ = {isa = PBXFileReference; lastKnownFileType = sourcecode.swift; path = NammaApartmentArrival.swift; sourceTree = "<group>"; };
		86A48B4820DE7FEF00DC0CAE /* NAActivityIndicator.swift */ = {isa = PBXFileReference; fileEncoding = 4; lastKnownFileType = sourcecode.swift; path = NAActivityIndicator.swift; sourceTree = "<group>"; };
		86A48B4A20DE8A6300DC0CAE /* NAFirebase.swift */ = {isa = PBXFileReference; lastKnownFileType = sourcecode.swift; path = NAFirebase.swift; sourceTree = "<group>"; };
		86A4D4A420D57047007890D2 /* NAUser.swift */ = {isa = PBXFileReference; lastKnownFileType = sourcecode.swift; path = NAUser.swift; sourceTree = "<group>"; };
		86A8B934209EC9FF00EA1C35 /* Contacts.framework */ = {isa = PBXFileReference; lastKnownFileType = wrapper.framework; name = Contacts.framework; path = System/Library/Frameworks/Contacts.framework; sourceTree = SDKROOT; };
		86A8B935209EC9FF00EA1C35 /* ContactsUI.framework */ = {isa = PBXFileReference; lastKnownFileType = wrapper.framework; name = ContactsUI.framework; path = System/Library/Frameworks/ContactsUI.framework; sourceTree = SDKROOT; };
		86B1A8D920D50EAB00D90D88 /* NammaApartmentVisitor.swift */ = {isa = PBXFileReference; lastKnownFileType = sourcecode.swift; path = NammaApartmentVisitor.swift; sourceTree = "<group>"; };
		86B1A8DB20D5276200D90D88 /* NAFBConstants.swift */ = {isa = PBXFileReference; lastKnownFileType = sourcecode.swift; path = NAFBConstants.swift; sourceTree = "<group>"; };
		86BD74EB209A2E7000B159A3 /* NAFont.swift */ = {isa = PBXFileReference; lastKnownFileType = sourcecode.swift; path = NAFont.swift; sourceTree = "<group>"; };
		86BD74ED209A2EB500B159A3 /* NAColor.swift */ = {isa = PBXFileReference; lastKnownFileType = sourcecode.swift; path = NAColor.swift; sourceTree = "<group>"; };
		86BF6A4020A0325200B175A1 /* MyGuestListCollectionViewCell.swift */ = {isa = PBXFileReference; lastKnownFileType = sourcecode.swift; path = MyGuestListCollectionViewCell.swift; sourceTree = "<group>"; };
		86BF6A4220A0326E00B175A1 /* MyGuestListViewController.swift */ = {isa = PBXFileReference; lastKnownFileType = sourcecode.swift; path = MyGuestListViewController.swift; sourceTree = "<group>"; };
		86BF6A4520A0579600B175A1 /* NotifyDigiGateViewController.swift */ = {isa = PBXFileReference; lastKnownFileType = sourcecode.swift; path = NotifyDigiGateViewController.swift; sourceTree = "<group>"; };
		86BF6A4920A05EA000B175A1 /* NotifyDigiGateCollectionViewCell.swift */ = {isa = PBXFileReference; lastKnownFileType = sourcecode.swift; path = NotifyDigiGateCollectionViewCell.swift; sourceTree = "<group>"; };
		86D19EF920A2B26300FB7DC8 /* ExpectingArrivalViewController.swift */ = {isa = PBXFileReference; lastKnownFileType = sourcecode.swift; path = ExpectingArrivalViewController.swift; sourceTree = "<group>"; };
		86E83E4420A9B0D000FA7CA7 /* AddMyServicesViewController.swift */ = {isa = PBXFileReference; lastKnownFileType = sourcecode.swift; path = AddMyServicesViewController.swift; sourceTree = "<group>"; };
		86FEE60A20DBB4F00023DC94 /* NammaApartmentDailyServices.swift */ = {isa = PBXFileReference; lastKnownFileType = sourcecode.swift; path = NammaApartmentDailyServices.swift; sourceTree = "<group>"; };
		8E9E4FA99AFC6477243245A6 /* Pods_nammaApartmentUITests.framework */ = {isa = PBXFileReference; explicitFileType = wrapper.framework; includeInIndex = 0; path = Pods_nammaApartmentUITests.framework; sourceTree = BUILT_PRODUCTS_DIR; };
		932EC8C8A9BD03466DB6D6CF /* Pods-nammaApartmentTests.debug.xcconfig */ = {isa = PBXFileReference; includeInIndex = 1; lastKnownFileType = text.xcconfig; name = "Pods-nammaApartmentTests.debug.xcconfig"; path = "Pods/Target Support Files/Pods-nammaApartmentTests/Pods-nammaApartmentTests.debug.xcconfig"; sourceTree = "<group>"; };
		C39585696205478FE4CEF756 /* Pods-nammaApartment.release.xcconfig */ = {isa = PBXFileReference; includeInIndex = 1; lastKnownFileType = text.xcconfig; name = "Pods-nammaApartment.release.xcconfig"; path = "Pods/Target Support Files/Pods-nammaApartment/Pods-nammaApartment.release.xcconfig"; sourceTree = "<group>"; };
		D96FDFA46FB39036A3AE3BEA /* Pods-nammaApartmentTests.release.xcconfig */ = {isa = PBXFileReference; includeInIndex = 1; lastKnownFileType = text.xcconfig; name = "Pods-nammaApartmentTests.release.xcconfig"; path = "Pods/Target Support Files/Pods-nammaApartmentTests/Pods-nammaApartmentTests.release.xcconfig"; sourceTree = "<group>"; };
		E236AF21BBE4186258696358 /* Pods_nammaApartmentTests.framework */ = {isa = PBXFileReference; explicitFileType = wrapper.framework; includeInIndex = 0; path = Pods_nammaApartmentTests.framework; sourceTree = BUILT_PRODUCTS_DIR; };
/* End PBXFileReference section */

/* Begin PBXFrameworksBuildPhase section */
		862700F0209707BB004B28EB /* Frameworks */ = {
			isa = PBXFrameworksBuildPhase;
			buildActionMask = 2147483647;
			files = (
				423187D620F378E400F10A23 /* FirebaseAuth.framework in Frameworks */,
				423187D820F378E400F10A23 /* FirebaseCore.framework in Frameworks */,
				423187DA20F378E400F10A23 /* FirebaseDatabase.framework in Frameworks */,
				423187DC20F378E400F10A23 /* FirebaseMessaging.framework in Frameworks */,
				423187DE20F378E400F10A23 /* FirebaseStorage.framework in Frameworks */,
				423187E020F378E400F10A23 /* FirebaseUI.framework in Frameworks */,
				423187E220F378E400F10A23 /* GoogleToolboxForMac.framework in Frameworks */,
				423187E420F378E400F10A23 /* GTMSessionFetcher.framework in Frameworks */,
				423187E620F378E400F10A23 /* leveldb.framework in Frameworks */,
				423187E820F378E400F10A23 /* nanopb.framework in Frameworks */,
				423187EE20F378E400F10A23 /* Protobuf.framework in Frameworks */,
				86A8B936209EC9FF00EA1C35 /* Contacts.framework in Frameworks */,
				86A8B937209EC9FF00EA1C35 /* ContactsUI.framework in Frameworks */,
				5D0A230692BD5675BDF1151F /* Pods_nammaApartment.framework in Frameworks */,
			);
			runOnlyForDeploymentPostprocessing = 0;
		};
		86270107209707BC004B28EB /* Frameworks */ = {
			isa = PBXFrameworksBuildPhase;
			buildActionMask = 2147483647;
			files = (
				AE89B264571E0E8BB68725DE /* Pods_nammaApartmentTests.framework in Frameworks */,
			);
			runOnlyForDeploymentPostprocessing = 0;
		};
		86270112209707BC004B28EB /* Frameworks */ = {
			isa = PBXFrameworksBuildPhase;
			buildActionMask = 2147483647;
			files = (
				DD38302D57353FCCC56D30E5 /* Pods_nammaApartmentUITests.framework in Frameworks */,
			);
			runOnlyForDeploymentPostprocessing = 0;
		};
/* End PBXFrameworksBuildPhase section */

/* Begin PBXGroup section */
		0816E56A20E7672900116FD0 /* VisitorListCategory */ = {
			isa = PBXGroup;
			children = (
				5D243EF1210DBF2000806091 /* Guests */,
				867FF1B820FC70AD00A6A4C9 /* CabsAndPackages */,
			);
			path = VisitorListCategory;
			sourceTree = "<group>";
		};
		085646702101F9CC00C5FBF6 /* NavigationMenuCategory */ = {
			isa = PBXGroup;
			children = (
				5D243EF7210DC14B00806091 /* My Profile */,
				5D243EF6210DC12400806091 /* Rate Us */,
				5D243EF5210DC10400806091 /* NoticeBoard */,
				5D243EF4210DC0FF00806091 /* Settings */,
				5D243EF3210DC0F900806091 /* Help */,
			);
			path = NavigationMenuCategory;
			sourceTree = "<group>";
		};
		5604502185698E5A09687321 /* Pods */ = {
			isa = PBXGroup;
			children = (
				0A57802A1AA1E8103BBFEF75 /* Pods-nammaApartment.debug.xcconfig */,
				C39585696205478FE4CEF756 /* Pods-nammaApartment.release.xcconfig */,
				932EC8C8A9BD03466DB6D6CF /* Pods-nammaApartmentTests.debug.xcconfig */,
				D96FDFA46FB39036A3AE3BEA /* Pods-nammaApartmentTests.release.xcconfig */,
				57024B9AAB6FF7DBC02BCC40 /* Pods-nammaApartmentUITests.debug.xcconfig */,
				84B8A2E220ED171204623A20 /* Pods-nammaApartmentUITests.release.xcconfig */,
			);
			name = Pods;
			sourceTree = "<group>";
		};
		5D243EEB210DBC5D00806091 /* NammaApartmentHome */ = {
			isa = PBXGroup;
			children = (
				86548D81209C1FB500C700DA /* MainScreenViewController.swift */,
				86548D7F209C1FA300C700DA /* MainScreenTableViewCell.swift */,
			);
			path = NammaApartmentHome;
			sourceTree = "<group>";
		};
		5D243EEC210DBD2700806091 /* NammaApartmentServices */ = {
			isa = PBXGroup;
			children = (
				5D243EED210DBD3400806091 /* SocietyServices */,
			);
			path = NammaApartmentServices;
			sourceTree = "<group>";
		};
		5D243EED210DBD3400806091 /* SocietyServices */ = {
			isa = PBXGroup;
			children = (
				86548D85209C621F00C700DA /* DigiGate */,
			);
			path = SocietyServices;
			sourceTree = "<group>";
		};
		5D243EEF210DBE7300806091 /* HandedThingsGuestHistory */ = {
			isa = PBXGroup;
			children = (
				081B49E620F32740006D502A /* HandedThingsGuestHistoryViewController.swift */,
				081B49E820F32D03006D502A /* HandedThingsGuestHistoryCollectionViewCell.swift */,
			);
			path = HandedThingsGuestHistory;
			sourceTree = "<group>";
		};
		5D243EF0210DBE8D00806091 /* HandedThingsDailyServiceHistory */ = {
			isa = PBXGroup;
			children = (
				083D5C8420F87E2F00F549AF /* HandedThingsDailyServicesHistoryViewController.swift */,
				083D5C8620F87E6800F549AF /* HandedThingsDailyServicesHistoryCollectionViewCell.swift */,
			);
			path = HandedThingsDailyServiceHistory;
			sourceTree = "<group>";
		};
		5D243EF1210DBF2000806091 /* Guests */ = {
			isa = PBXGroup;
			children = (
				86BF6A4020A0325200B175A1 /* MyGuestListCollectionViewCell.swift */,
				86BF6A4220A0326E00B175A1 /* MyGuestListViewController.swift */,
				86494B8C20C10E9300B9980C /* RescheduleMyGuestListViewController.swift */,
				86B1A8D920D50EAB00D90D88 /* NammaApartmentVisitor.swift */,
				081F25D0210C8EB60065F90E /* RetrievingGuestList.swift */,
			);
			path = Guests;
			sourceTree = "<group>";
		};
		5D243EF2210DC00200806091 /* NavigationDrawer */ = {
			isa = PBXGroup;
			children = (
				084D963C2100C92900BE9D3D /* NavigationMenuViewController.swift */,
				084D963E2100CAD100BE9D3D /* NavigationMenuTableViewCell.swift */,
				085646702101F9CC00C5FBF6 /* NavigationMenuCategory */,
			);
			path = NavigationDrawer;
			sourceTree = "<group>";
		};
		5D243EF3210DC0F900806091 /* Help */ = {
			isa = PBXGroup;
			children = (
				085646712101FA0C00C5FBF6 /* HelpViewController.swift */,
				085646732101FA3300C5FBF6 /* HelpCollectionViewCell.swift */,
			);
			path = Help;
			sourceTree = "<group>";
		};
		5D243EF4210DC0FF00806091 /* Settings */ = {
			isa = PBXGroup;
			children = (
				085646752101FA6D00C5FBF6 /* SettingsViewController.swift */,
				085646772101FA9F00C5FBF6 /* SettingsCollectionViewCell.swift */,
				0856467B210215A300C5FBF6 /* NotificationSettingsViewController.swift */,
				0856467F2102CD9E00C5FBF6 /* NotificationSettingsTableViewCell.swift */,
				0856467D210215E800C5FBF6 /* GeneralSettingsViewController.swift */,
			);
			path = Settings;
			sourceTree = "<group>";
		};
		5D243EF5210DC10400806091 /* NoticeBoard */ = {
			isa = PBXGroup;
			children = (
				089A94B7210836940088F519 /* NoticeBoardViewController.swift */,
				089A94B9210837CA0088F519 /* NoticeBoardCollectionViewCell.swift */,
			);
			path = NoticeBoard;
			sourceTree = "<group>";
		};
		5D243EF6210DC12400806091 /* Rate Us */ = {
			isa = PBXGroup;
			children = (
				086081FA2104B19000B5990C /* RateUsView.swift */,
				086081F82104A90900B5990C /* RateUsView.xib */,
			);
			path = "Rate Us";
			sourceTree = "<group>";
		};
		5D243EF7210DC14B00806091 /* My Profile */ = {
			isa = PBXGroup;
			children = (
				0816E57A20EA77E700116FD0 /* EditMyProfileViewController.swift */,
				0816E57920EA77E700116FD0 /* EditMyProfileTableViewCell.swift */,
			);
			path = "My Profile";
			sourceTree = "<group>";
		};
		5D243EFA210DC23B00806091 /* ModelClasses */ = {
			isa = PBXGroup;
			children = (
				868D189020DA4A22007AD1D0 /* NAUser */,
			);
			name = ModelClasses;
			path = "Model Classes";
			sourceTree = "<group>";
		};
		5D774279210DD49F0049344F /* Onboarding */ = {
			isa = PBXGroup;
			children = (
				5D77427A210DD49F0049344F /* MyFlatDetails */,
				5D77427F210DD49F0049344F /* SplashScreen */,
				5D774286210DD49F0049344F /* Login */,
			);
			path = Onboarding;
			sourceTree = "<group>";
		};
		5D77427A210DD49F0049344F /* MyFlatDetails */ = {
			isa = PBXGroup;
			children = (
				5D77427B210DD49F0049344F /* SearchViewController.swift */,
				5D77427C210DD49F0049344F /* MyFlatTableViewCell.swift */,
				5D77427D210DD49F0049344F /* SearchTableViewCell.swift */,
				5D77427E210DD49F0049344F /* MyFlatDetailsViewController.swift */,
			);
			path = MyFlatDetails;
			sourceTree = "<group>";
		};
		5D77427F210DD49F0049344F /* SplashScreen */ = {
			isa = PBXGroup;
			children = (
				5D774280210DD49F0049344F /* SplashRootViewController.swift */,
				5D774281210DD49F0049344F /* RootViewController.swift */,
				5D774282210DD49F0049344F /* SplashApartmentServices.swift */,
				5D774283210DD49F0049344F /* SplashSocietyServices.swift */,
				5D774285210DD49F0049344F /* SplashNammaApartments.swift */,
			);
			path = SplashScreen;
			sourceTree = "<group>";
		};
		5D774286210DD49F0049344F /* Login */ = {
			isa = PBXGroup;
			children = (
				5D774287210DD49F0049344F /* OTP */,
				5D77428C210DD49F0049344F /* SignUp */,
				5D77428E210DD49F0049344F /* LoginViewController.swift */,
			);
			path = Login;
			sourceTree = "<group>";
		};
		5D774287210DD49F0049344F /* OTP */ = {
			isa = PBXGroup;
			children = (
				5D774288210DD49F0049344F /* DataModel.swift */,
				5D774289210DD49F0049344F /* OTPViewController.swift */,
				5D77428A210DD49F0049344F /* Reachability.swift */,
			);
			path = OTP;
			sourceTree = "<group>";
		};
		5D77428C210DD49F0049344F /* SignUp */ = {
			isa = PBXGroup;
			children = (
				5D77428D210DD49F0049344F /* SignupViewController.swift */,
			);
			path = SignUp;
			sourceTree = "<group>";
		};
		861CBFFD20B9AA98009EC0EF /* Fonts */ = {
			isa = PBXGroup;
			children = (
				861CBFFE20B9AA98009EC0EF /* Lato-Italic.ttf */,
				861CBFFF20B9AA98009EC0EF /* Lato-LightItalic.ttf */,
				861CC00020B9AA98009EC0EF /* Lato-Bold.ttf */,
				861CC00120B9AA98009EC0EF /* Lato-Black.ttf */,
				861CC00220B9AA98009EC0EF /* Lato-HairlineItalic.ttf */,
				861CC00320B9AA98009EC0EF /* Lato-Regular.ttf */,
				861CC00420B9AA98009EC0EF /* Lato-Hairline.ttf */,
				861CC00520B9AA98009EC0EF /* Lato-BlackItalic.ttf */,
				861CC00620B9AA98009EC0EF /* Lato-BoldItalic.ttf */,
				861CC00720B9AA98009EC0EF /* Lato-Light.ttf */,
			);
			path = Fonts;
			sourceTree = "<group>";
		};
		862700EA209707BB004B28EB = {
			isa = PBXGroup;
			children = (
				86C1A137209AF3C000D75D0F /* AppDelegate */,
				86A8B933209EC9FE00EA1C35 /* Frameworks */,
				86270105209707BC004B28EB /* Info.plist */,
				86270102209707BC004B28EB /* LaunchScreen.storyboard */,
				5D243EFA210DC23B00806091 /* ModelClasses */,
				862700FD209707BB004B28EB /* namaApartment.xcdatamodeld */,
				8627010D209707BC004B28EB /* namaApartmentTests */,
				86270118209707BC004B28EB /* namaApartmentUITests */,
				869306C520F22D050069305D /* nammaApartment.entitlements */,
				5D243EEB210DBC5D00806091 /* NammaApartmentHome */,
				5D243EEC210DBD2700806091 /* NammaApartmentServices */,
				5D243EF2210DC00200806091 /* NavigationDrawer */,
				5D774279210DD49F0049344F /* Onboarding */,
				862700F4209707BB004B28EB /* Products */,
				86C1A138209AF3FC00D75D0F /* StoryBoard */,
				86BD74E9209A2DD000B159A3 /* Utilities */,
				5604502185698E5A09687321 /* Pods */,
			);
			sourceTree = "<group>";
		};
		862700F4209707BB004B28EB /* Products */ = {
			isa = PBXGroup;
			children = (
				862700F3209707BB004B28EB /* nammaApartment.app */,
				8627010A209707BC004B28EB /* nammaApartmentTests.xctest */,
				86270115209707BC004B28EB /* nammaApartmentUITests.xctest */,
			);
			name = Products;
			sourceTree = "<group>";
		};
		8627010D209707BC004B28EB /* namaApartmentTests */ = {
			isa = PBXGroup;
			children = (
				8627010E209707BC004B28EB /* namaApartmentTests.swift */,
				86270110209707BC004B28EB /* Info.plist */,
			);
			path = namaApartmentTests;
			sourceTree = "<group>";
		};
		86270118209707BC004B28EB /* namaApartmentUITests */ = {
			isa = PBXGroup;
			children = (
				86270119209707BC004B28EB /* namaApartmentUITests.swift */,
				8627011B209707BC004B28EB /* Info.plist */,
			);
			path = namaApartmentUITests;
			sourceTree = "<group>";
		};
		86548D85209C621F00C700DA /* DigiGate */ = {
			isa = PBXGroup;
			children = (
				86548D86209C63C700C700DA /* DigitalGateViewController.swift */,
				86548D88209C662200C700DA /* DigitalGateCollectionViewCell.swift */,
				86646BBC20AB042B002A92B8 /* Emergency */,
				86BF6A4420A0572A00B175A1 /* NotifyDigiGate */,
				865C7BCA209D835800443C75 /* InviteVisitor */,
				8672B3B920A97EFC0040A5E2 /* MyDailyServices */,
				86BF6A3F20A0322100B175A1 /* MyVisitorList */,
				867DFFA720AEA33A00A45895 /* MySweetHome */,
			);
			path = DigiGate;
			sourceTree = "<group>";
		};
		865C7BCA209D835800443C75 /* InviteVisitor */ = {
			isa = PBXGroup;
			children = (
				865C7BCB209D838200443C75 /* InviteVisitorViewController.swift */,
			);
			path = InviteVisitor;
			sourceTree = "<group>";
		};
		86646BBC20AB042B002A92B8 /* Emergency */ = {
			isa = PBXGroup;
			children = (
				86646BBD20AB0472002A92B8 /* EmergencyViewController.swift */,
				86646BBF20AB0704002A92B8 /* EmergencyCollectionViewCell.swift */,
				86646BC120AB1530002A92B8 /* RaiseAlarmViewController.swift */,
				08355B0C210E2CB700F671D2 /* NammaApartmentEmergency.swift */,
			);
			path = Emergency;
			sourceTree = "<group>";
		};
		8672B3B920A97EFC0040A5E2 /* MyDailyServices */ = {
			isa = PBXGroup;
			children = (
				8672B3BA20A97F5D0040A5E2 /* MyDailyServicesViewController.swift */,
				8672B3BE20A9951B0040A5E2 /* MyDailyServicesCollectionViewCell.swift */,
				86FEE60A20DBB4F00023DC94 /* NammaApartmentDailyServices.swift */,
				86E83E4320A9B07D00FA7CA7 /* AddMyServices */,
			);
			name = MyDailyServices;
			path = "New Group";
			sourceTree = "<group>";
		};
		867CFF2620A43DE600EDB966 /* HandedThingsToGuest */ = {
			isa = PBXGroup;
			children = (
				5D243EEF210DBE7300806091 /* HandedThingsGuestHistory */,
				867CFF2820A43E9F00EDB966 /* HandedThingsToGuestViewController.swift */,
				867CFF2A20A43EB500EDB966 /* HandedThingsToGuestTableViewCell.swift */,
			);
			path = HandedThingsToGuest;
			sourceTree = "<group>";
		};
		867CFF2720A43E1600EDB966 /* HandedThingsToDailyServices */ = {
			isa = PBXGroup;
			children = (
				5D243EF0210DBE8D00806091 /* HandedThingsDailyServiceHistory */,
				083D5C8820F8A96600F549AF /* HandedThingsToDailyServicesViewController.swift */,
				083D5C8A20F8A99200F549AF /* HandedThingsToDailyServicesTableViewCell.swift */,
			);
			path = HandedThingsToDailyServices;
			sourceTree = "<group>";
		};
		867DFFA720AEA33A00A45895 /* MySweetHome */ = {
			isa = PBXGroup;
			children = (
				867DFFA820AEA3BB00A45895 /* MySweetHomeViewController.swift */,
				5D18B39D20BA6E0A00758070 /* mySweetHomeCollectionViewCell.swift */,
				0818AA5A20DBBFC4000A4B89 /* AddMyFamilyMembersViewController.swift */,
				5D7742A1210E0ACB0049344F /* RetrieveFamilyMemberList.swift */,
			);
			path = MySweetHome;
			sourceTree = "<group>";
		};
		867FF1B820FC70AD00A6A4C9 /* CabsAndPackages */ = {
			isa = PBXGroup;
			children = (
				08E1F7BA20F9DCC40086F885 /* CabAndPackageArrivalCardListViewController.swift */,
				08E1F7BC20F9E1120086F885 /* CabAndPackageArrivalCardListCollectionViewCell.swift */,
				867FF1B920FC737B00A6A4C9 /* NAExpectingArrival.swift */,
			);
			path = CabsAndPackages;
			sourceTree = "<group>";
		};
		868D189020DA4A22007AD1D0 /* NAUser */ = {
			isa = PBXGroup;
			children = (
				86A4D4A420D57047007890D2 /* NAUser.swift */,
				868D189120DA4ACD007AD1D0 /* UserFlatDetails.swift */,
				868D189320DA4B11007AD1D0 /* UserPersonalDetails.swift */,
				868D189520DA4B3E007AD1D0 /* UserPrivileges.swift */,
			);
			path = NAUser;
			sourceTree = "<group>";
		};
		86A4D4A620D57675007890D2 /* FBDatabase */ = {
			isa = PBXGroup;
			children = (
				86B1A8DB20D5276200D90D88 /* NAFBConstants.swift */,
			);
			path = FBDatabase;
			sourceTree = "<group>";
		};
		86A8B933209EC9FE00EA1C35 /* Frameworks */ = {
			isa = PBXGroup;
			children = (
				423187D520F378E400F10A23 /* FirebaseAuth.framework */,
				423187D720F378E400F10A23 /* FirebaseCore.framework */,
				423187D920F378E400F10A23 /* FirebaseDatabase.framework */,
				423187DB20F378E400F10A23 /* FirebaseMessaging.framework */,
				423187DD20F378E400F10A23 /* FirebaseStorage.framework */,
				423187DF20F378E400F10A23 /* FirebaseUI.framework */,
				423187E120F378E400F10A23 /* GoogleToolboxForMac.framework */,
				423187E320F378E400F10A23 /* GTMSessionFetcher.framework */,
				423187E520F378E400F10A23 /* leveldb.framework */,
				423187E720F378E400F10A23 /* nanopb.framework */,
				423187ED20F378E400F10A23 /* Protobuf.framework */,
				86A8B934209EC9FF00EA1C35 /* Contacts.framework */,
				86A8B935209EC9FF00EA1C35 /* ContactsUI.framework */,
				7D32319EB7F3BC3F9FBA2319 /* Pods_nammaApartment.framework */,
				E236AF21BBE4186258696358 /* Pods_nammaApartmentTests.framework */,
				8E9E4FA99AFC6477243245A6 /* Pods_nammaApartmentUITests.framework */,
			);
			name = Frameworks;
			sourceTree = "<group>";
		};
		86BD74E9209A2DD000B159A3 /* Utilities */ = {
			isa = PBXGroup;
			children = (
				86A4D4A620D57675007890D2 /* FBDatabase */,
				86CE8E5D20C26AC10067F031 /* FirebasePlistFile */,
				861CBFFD20B9AA98009EC0EF /* Fonts */,
				86270100209707BC004B28EB /* Assets.xcassets */,
				86BD74EB209A2E7000B159A3 /* NAFont.swift */,
				422FF98820F8A9DA004089C2 /* PopupView.swift */,
				422FF98620F8A9C8004089C2 /* PopupView.xib */,
				86BD74ED209A2EB500B159A3 /* NAColor.swift */,
				5DD9DF2620FCC280002C13BB /* HandedHistory.swift */,
				86548D83209C343F00C700DA /* NAString.swift */,
				8672B3BC20A97FD40040A5E2 /* NANavigationViewController.swift */,
				86114E5D20B5A88D00656B56 /* NAViewPresenter.swift */,
				08EF758F20D240620031FA66 /* NAValidation.swift */,
				86A48B4820DE7FEF00DC0CAE /* NAActivityIndicator.swift */,
				42329D1920F9BF80000AA9AF /* OpacityView.swift */,
				86A48B4A20DE8A6300DC0CAE /* NAFirebase.swift */,
				08E1F7BE20FA47DF0086F885 /* NAConfirmationAlert.swift */,
				0856467921020CBE00C5FBF6 /* NAShodowEffect.swift */,
			);
			path = Utilities;
			sourceTree = "<group>";
		};
		86BF6A3F20A0322100B175A1 /* MyVisitorList */ = {
			isa = PBXGroup;
			children = (
				0816E56620E75A4700116FD0 /* MyVisitorsListViewController.swift */,
				0816E56820E75B5F00116FD0 /* MyVisitorsListCollectionViewCell.swift */,
				0816E56A20E7672900116FD0 /* VisitorListCategory */,
			);
			path = MyVisitorList;
			sourceTree = "<group>";
		};
		86BF6A4420A0572A00B175A1 /* NotifyDigiGate */ = {
			isa = PBXGroup;
			children = (
				86BF6A4520A0579600B175A1 /* NotifyDigiGateViewController.swift */,
				86BF6A4920A05EA000B175A1 /* NotifyDigiGateCollectionViewCell.swift */,
				86D19EF820A2B20200FB7DC8 /* ExpectingArrival */,
				867CFF2620A43DE600EDB966 /* HandedThingsToGuest */,
				867CFF2720A43E1600EDB966 /* HandedThingsToDailyServices */,
			);
			path = NotifyDigiGate;
			sourceTree = "<group>";
		};
		86C1A137209AF3C000D75D0F /* AppDelegate */ = {
			isa = PBXGroup;
			children = (
				862700F6209707BB004B28EB /* AppDelegate.swift */,
			);
			path = AppDelegate;
			sourceTree = "<group>";
		};
		86C1A138209AF3FC00D75D0F /* StoryBoard */ = {
			isa = PBXGroup;
			children = (
				4230EEAF2108AB4F0037345D /* Main.storyboard */,
			);
			path = StoryBoard;
			sourceTree = "<group>";
		};
		86CE8E5D20C26AC10067F031 /* FirebasePlistFile */ = {
			isa = PBXGroup;
			children = (
				869306C620F23AF60069305D /* GoogleService-Info.plist */,
			);
			path = FirebasePlistFile;
			sourceTree = "<group>";
		};
		86D19EF820A2B20200FB7DC8 /* ExpectingArrival */ = {
			isa = PBXGroup;
			children = (
				86D19EF920A2B26300FB7DC8 /* ExpectingArrivalViewController.swift */,
				869EA5E620FB7A7000AA7B66 /* NammaApartmentArrival.swift */,
			);
			path = ExpectingArrival;
			sourceTree = "<group>";
		};
		86E83E4320A9B07D00FA7CA7 /* AddMyServices */ = {
			isa = PBXGroup;
			children = (
				86E83E4420A9B0D000FA7CA7 /* AddMyServicesViewController.swift */,
				86114E5B20B56E4300656B56 /* EditMyServicesViewController.swift */,
				8679B77F21022C0C0020B004 /* NADailyServices.swift */,
			);
			path = AddMyServices;
			sourceTree = "<group>";
		};
/* End PBXGroup section */

/* Begin PBXNativeTarget section */
		862700F2209707BB004B28EB /* nammaApartment */ = {
			isa = PBXNativeTarget;
			buildConfigurationList = 8627011E209707BC004B28EB /* Build configuration list for PBXNativeTarget "nammaApartment" */;
			buildPhases = (
				CC723BDAFEC36C70AC429354 /* [CP] Check Pods Manifest.lock */,
				862700EF209707BB004B28EB /* Sources */,
				862700F0209707BB004B28EB /* Frameworks */,
				862700F1209707BB004B28EB /* Resources */,
				F10FDD6FA1A4AC71A21F9FC6 /* [CP] Embed Pods Frameworks */,
				C7E83722EC44FC27E66CAA03 /* [CP] Copy Pods Resources */,
			);
			buildRules = (
			);
			dependencies = (
			);
			name = nammaApartment;
			productName = namaAppartment;
			productReference = 862700F3209707BB004B28EB /* nammaApartment.app */;
			productType = "com.apple.product-type.application";
		};
		86270109209707BC004B28EB /* nammaApartmentTests */ = {
			isa = PBXNativeTarget;
			buildConfigurationList = 86270121209707BC004B28EB /* Build configuration list for PBXNativeTarget "nammaApartmentTests" */;
			buildPhases = (
				292CCA8134EC9AE8496AA323 /* [CP] Check Pods Manifest.lock */,
				86270106209707BC004B28EB /* Sources */,
				86270107209707BC004B28EB /* Frameworks */,
				86270108209707BC004B28EB /* Resources */,
			);
			buildRules = (
			);
			dependencies = (
				8627010C209707BC004B28EB /* PBXTargetDependency */,
			);
			name = nammaApartmentTests;
			productName = namaAppartmentTests;
			productReference = 8627010A209707BC004B28EB /* nammaApartmentTests.xctest */;
			productType = "com.apple.product-type.bundle.unit-test";
		};
		86270114209707BC004B28EB /* nammaApartmentUITests */ = {
			isa = PBXNativeTarget;
			buildConfigurationList = 86270124209707BC004B28EB /* Build configuration list for PBXNativeTarget "nammaApartmentUITests" */;
			buildPhases = (
				C5875ADE7145293908094863 /* [CP] Check Pods Manifest.lock */,
				86270111209707BC004B28EB /* Sources */,
				86270112209707BC004B28EB /* Frameworks */,
				86270113209707BC004B28EB /* Resources */,
			);
			buildRules = (
			);
			dependencies = (
				86270117209707BC004B28EB /* PBXTargetDependency */,
			);
			name = nammaApartmentUITests;
			productName = namaAppartmentUITests;
			productReference = 86270115209707BC004B28EB /* nammaApartmentUITests.xctest */;
			productType = "com.apple.product-type.bundle.ui-testing";
		};
/* End PBXNativeTarget section */

/* Begin PBXProject section */
		862700EB209707BB004B28EB /* Project object */ = {
			isa = PBXProject;
			attributes = {
				LastSwiftUpdateCheck = 0930;
				LastUpgradeCheck = 0930;
				ORGANIZATIONNAME = "Vikas Nayak";
				TargetAttributes = {
					862700F2209707BB004B28EB = {
						CreatedOnToolsVersion = 9.3;
						SystemCapabilities = {
							com.apple.BackgroundModes = {
								enabled = 1;
							};
							com.apple.Keychain = {
								enabled = 1;
							};
						};
					};
					86270109209707BC004B28EB = {
						CreatedOnToolsVersion = 9.3;
						TestTargetID = 862700F2209707BB004B28EB;
					};
					86270114209707BC004B28EB = {
						CreatedOnToolsVersion = 9.3;
						TestTargetID = 862700F2209707BB004B28EB;
					};
				};
			};
			buildConfigurationList = 862700EE209707BB004B28EB /* Build configuration list for PBXProject "nammaApartment" */;
			compatibilityVersion = "Xcode 9.3";
			developmentRegion = en;
			hasScannedForEncodings = 0;
			knownRegions = (
				en,
				Base,
			);
			mainGroup = 862700EA209707BB004B28EB;
			productRefGroup = 862700F4209707BB004B28EB /* Products */;
			projectDirPath = "";
			projectRoot = "";
			targets = (
				862700F2209707BB004B28EB /* nammaApartment */,
				86270109209707BC004B28EB /* nammaApartmentTests */,
				86270114209707BC004B28EB /* nammaApartmentUITests */,
			);
		};
/* End PBXProject section */

/* Begin PBXResourcesBuildPhase section */
		862700F1209707BB004B28EB /* Resources */ = {
			isa = PBXResourcesBuildPhase;
			buildActionMask = 2147483647;
			files = (
				861CC00B20B9AA99009EC0EF /* Lato-Black.ttf in Resources */,
				861CC01120B9AA99009EC0EF /* Lato-Light.ttf in Resources */,
				86270104209707BC004B28EB /* LaunchScreen.storyboard in Resources */,
				861CC00C20B9AA99009EC0EF /* Lato-HairlineItalic.ttf in Resources */,
				861CC01020B9AA99009EC0EF /* Lato-BoldItalic.ttf in Resources */,
				861CC00A20B9AA99009EC0EF /* Lato-Bold.ttf in Resources */,
				861CC00F20B9AA99009EC0EF /* Lato-BlackItalic.ttf in Resources */,
				861CC00D20B9AA99009EC0EF /* Lato-Regular.ttf in Resources */,
				861CC00920B9AA99009EC0EF /* Lato-LightItalic.ttf in Resources */,
				861CC00E20B9AA99009EC0EF /* Lato-Hairline.ttf in Resources */,
				86270101209707BC004B28EB /* Assets.xcassets in Resources */,
				4230EEB12108AB4F0037345D /* Main.storyboard in Resources */,
				861CC00820B9AA99009EC0EF /* Lato-Italic.ttf in Resources */,
				422FF98720F8A9C8004089C2 /* PopupView.xib in Resources */,
				086081F92104A90900B5990C /* RateUsView.xib in Resources */,
				869306C720F23AF70069305D /* GoogleService-Info.plist in Resources */,
			);
			runOnlyForDeploymentPostprocessing = 0;
		};
		86270108209707BC004B28EB /* Resources */ = {
			isa = PBXResourcesBuildPhase;
			buildActionMask = 2147483647;
			files = (
			);
			runOnlyForDeploymentPostprocessing = 0;
		};
		86270113209707BC004B28EB /* Resources */ = {
			isa = PBXResourcesBuildPhase;
			buildActionMask = 2147483647;
			files = (
			);
			runOnlyForDeploymentPostprocessing = 0;
		};
/* End PBXResourcesBuildPhase section */

/* Begin PBXShellScriptBuildPhase section */
		292CCA8134EC9AE8496AA323 /* [CP] Check Pods Manifest.lock */ = {
			isa = PBXShellScriptBuildPhase;
			buildActionMask = 2147483647;
			files = (
			);
			inputPaths = (
				"${PODS_PODFILE_DIR_PATH}/Podfile.lock",
				"${PODS_ROOT}/Manifest.lock",
			);
			name = "[CP] Check Pods Manifest.lock";
			outputPaths = (
				"$(DERIVED_FILE_DIR)/Pods-nammaApartmentTests-checkManifestLockResult.txt",
			);
			runOnlyForDeploymentPostprocessing = 0;
			shellPath = /bin/sh;
			shellScript = "diff \"${PODS_PODFILE_DIR_PATH}/Podfile.lock\" \"${PODS_ROOT}/Manifest.lock\" > /dev/null\nif [ $? != 0 ] ; then\n    # print error to STDERR\n    echo \"error: The sandbox is not in sync with the Podfile.lock. Run 'pod install' or update your CocoaPods installation.\" >&2\n    exit 1\nfi\n# This output is used by Xcode 'outputs' to avoid re-running this script phase.\necho \"SUCCESS\" > \"${SCRIPT_OUTPUT_FILE_0}\"\n";
			showEnvVarsInLog = 0;
		};
		C5875ADE7145293908094863 /* [CP] Check Pods Manifest.lock */ = {
			isa = PBXShellScriptBuildPhase;
			buildActionMask = 2147483647;
			files = (
			);
			inputPaths = (
				"${PODS_PODFILE_DIR_PATH}/Podfile.lock",
				"${PODS_ROOT}/Manifest.lock",
			);
			name = "[CP] Check Pods Manifest.lock";
			outputPaths = (
				"$(DERIVED_FILE_DIR)/Pods-nammaApartmentUITests-checkManifestLockResult.txt",
			);
			runOnlyForDeploymentPostprocessing = 0;
			shellPath = /bin/sh;
			shellScript = "diff \"${PODS_PODFILE_DIR_PATH}/Podfile.lock\" \"${PODS_ROOT}/Manifest.lock\" > /dev/null\nif [ $? != 0 ] ; then\n    # print error to STDERR\n    echo \"error: The sandbox is not in sync with the Podfile.lock. Run 'pod install' or update your CocoaPods installation.\" >&2\n    exit 1\nfi\n# This output is used by Xcode 'outputs' to avoid re-running this script phase.\necho \"SUCCESS\" > \"${SCRIPT_OUTPUT_FILE_0}\"\n";
			showEnvVarsInLog = 0;
		};
		C7E83722EC44FC27E66CAA03 /* [CP] Copy Pods Resources */ = {
			isa = PBXShellScriptBuildPhase;
			buildActionMask = 2147483647;
			files = (
			);
			inputPaths = (
				"${SRCROOT}/Pods/Target Support Files/Pods-nammaApartment/Pods-nammaApartment-resources.sh",
				"${PODS_CONFIGURATION_BUILD_DIR}/FirebaseUI/FirebaseAuthUI.bundle",
				"${PODS_CONFIGURATION_BUILD_DIR}/FirebaseUI/FirebasePhoneAuthUI.bundle",
			);
			name = "[CP] Copy Pods Resources";
			outputPaths = (
				"${TARGET_BUILD_DIR}/${UNLOCALIZED_RESOURCES_FOLDER_PATH}/FirebaseAuthUI.bundle",
				"${TARGET_BUILD_DIR}/${UNLOCALIZED_RESOURCES_FOLDER_PATH}/FirebasePhoneAuthUI.bundle",
			);
			runOnlyForDeploymentPostprocessing = 0;
			shellPath = /bin/sh;
			shellScript = "\"${SRCROOT}/Pods/Target Support Files/Pods-nammaApartment/Pods-nammaApartment-resources.sh\"\n";
			showEnvVarsInLog = 0;
		};
		CC723BDAFEC36C70AC429354 /* [CP] Check Pods Manifest.lock */ = {
			isa = PBXShellScriptBuildPhase;
			buildActionMask = 2147483647;
			files = (
			);
			inputPaths = (
				"${PODS_PODFILE_DIR_PATH}/Podfile.lock",
				"${PODS_ROOT}/Manifest.lock",
			);
			name = "[CP] Check Pods Manifest.lock";
			outputPaths = (
				"$(DERIVED_FILE_DIR)/Pods-nammaApartment-checkManifestLockResult.txt",
			);
			runOnlyForDeploymentPostprocessing = 0;
			shellPath = /bin/sh;
			shellScript = "diff \"${PODS_PODFILE_DIR_PATH}/Podfile.lock\" \"${PODS_ROOT}/Manifest.lock\" > /dev/null\nif [ $? != 0 ] ; then\n    # print error to STDERR\n    echo \"error: The sandbox is not in sync with the Podfile.lock. Run 'pod install' or update your CocoaPods installation.\" >&2\n    exit 1\nfi\n# This output is used by Xcode 'outputs' to avoid re-running this script phase.\necho \"SUCCESS\" > \"${SCRIPT_OUTPUT_FILE_0}\"\n";
			showEnvVarsInLog = 0;
		};
		F10FDD6FA1A4AC71A21F9FC6 /* [CP] Embed Pods Frameworks */ = {
			isa = PBXShellScriptBuildPhase;
			buildActionMask = 2147483647;
			files = (
			);
			inputPaths = (
				"${SRCROOT}/Pods/Target Support Files/Pods-nammaApartment/Pods-nammaApartment-frameworks.sh",
				"${BUILT_PRODUCTS_DIR}/GTMSessionFetcher/GTMSessionFetcher.framework",
				"${BUILT_PRODUCTS_DIR}/GoogleToolboxForMac/GoogleToolboxForMac.framework",
				"${BUILT_PRODUCTS_DIR}/HCSStarRatingView/HCSStarRatingView.framework",
				"${BUILT_PRODUCTS_DIR}/Protobuf/Protobuf.framework",
				"${BUILT_PRODUCTS_DIR}/leveldb-library/leveldb.framework",
				"${BUILT_PRODUCTS_DIR}/nanopb/nanopb.framework",
			);
			name = "[CP] Embed Pods Frameworks";
			outputPaths = (
				"${TARGET_BUILD_DIR}/${FRAMEWORKS_FOLDER_PATH}/GTMSessionFetcher.framework",
				"${TARGET_BUILD_DIR}/${FRAMEWORKS_FOLDER_PATH}/GoogleToolboxForMac.framework",
				"${TARGET_BUILD_DIR}/${FRAMEWORKS_FOLDER_PATH}/HCSStarRatingView.framework",
				"${TARGET_BUILD_DIR}/${FRAMEWORKS_FOLDER_PATH}/Protobuf.framework",
				"${TARGET_BUILD_DIR}/${FRAMEWORKS_FOLDER_PATH}/leveldb.framework",
				"${TARGET_BUILD_DIR}/${FRAMEWORKS_FOLDER_PATH}/nanopb.framework",
			);
			runOnlyForDeploymentPostprocessing = 0;
			shellPath = /bin/sh;
			shellScript = "\"${SRCROOT}/Pods/Target Support Files/Pods-nammaApartment/Pods-nammaApartment-frameworks.sh\"\n";
			showEnvVarsInLog = 0;
		};
/* End PBXShellScriptBuildPhase section */

/* Begin PBXSourcesBuildPhase section */
		862700EF209707BB004B28EB /* Sources */ = {
			isa = PBXSourcesBuildPhase;
			buildActionMask = 2147483647;
			files = (
				86BD74EC209A2E7000B159A3 /* NAFont.swift in Sources */,
				08EF759020D240620031FA66 /* NAValidation.swift in Sources */,
				5D77429D210DD49F0049344F /* SignupViewController.swift in Sources */,
				8679B78021022C0C0020B004 /* NADailyServices.swift in Sources */,
				5D774295210DD49F0049344F /* SplashApartmentServices.swift in Sources */,
				5D77429B210DD49F0049344F /* Reachability.swift in Sources */,
				867FF1BA20FC737B00A6A4C9 /* NAExpectingArrival.swift in Sources */,
				862700F7209707BB004B28EB /* AppDelegate.swift in Sources */,
				86548D82209C1FB500C700DA /* MainScreenViewController.swift in Sources */,
				868D189220DA4ACD007AD1D0 /* UserFlatDetails.swift in Sources */,
				86548D84209C343F00C700DA /* NAString.swift in Sources */,
				86548D89209C662200C700DA /* DigitalGateCollectionViewCell.swift in Sources */,
				085646742101FA3300C5FBF6 /* HelpCollectionViewCell.swift in Sources */,
				5D774296210DD49F0049344F /* SplashSocietyServices.swift in Sources */,
				86114E5C20B56E4300656B56 /* EditMyServicesViewController.swift in Sources */,
				867DFFA920AEA3BB00A45895 /* MySweetHomeViewController.swift in Sources */,
				868D189420DA4B11007AD1D0 /* UserPersonalDetails.swift in Sources */,
				5D774293210DD49F0049344F /* SplashRootViewController.swift in Sources */,
				083D5C8920F8A96600F549AF /* HandedThingsToDailyServicesViewController.swift in Sources */,
				86BF6A4A20A05EA000B175A1 /* NotifyDigiGateCollectionViewCell.swift in Sources */,
				0818AA5B20DBBFC4000A4B89 /* AddMyFamilyMembersViewController.swift in Sources */,
				085646802102CD9E00C5FBF6 /* NotificationSettingsTableViewCell.swift in Sources */,
				081B49E920F32D03006D502A /* HandedThingsGuestHistoryCollectionViewCell.swift in Sources */,
				869EA5E720FB7A7000AA7B66 /* NammaApartmentArrival.swift in Sources */,
				86BF6A4620A0579600B175A1 /* NotifyDigiGateViewController.swift in Sources */,
				085646762101FA6D00C5FBF6 /* SettingsViewController.swift in Sources */,
				8672B3BB20A97F5D0040A5E2 /* MyDailyServicesViewController.swift in Sources */,
				868D189620DA4B3E007AD1D0 /* UserPrivileges.swift in Sources */,
				5D77429E210DD49F0049344F /* LoginViewController.swift in Sources */,
				5D7742A2210E0ACB0049344F /* RetrieveFamilyMemberList.swift in Sources */,
				42329D1A20F9BF80000AA9AF /* OpacityView.swift in Sources */,
				8672B3BF20A9951B0040A5E2 /* MyDailyServicesCollectionViewCell.swift in Sources */,
				865C7BCC209D838200443C75 /* InviteVisitorViewController.swift in Sources */,
				5D77428F210DD49F0049344F /* SearchViewController.swift in Sources */,
				86114E5E20B5A88D00656B56 /* NAViewPresenter.swift in Sources */,
				86BF6A4120A0325200B175A1 /* MyGuestListCollectionViewCell.swift in Sources */,
				5D774298210DD49F0049344F /* SplashNammaApartments.swift in Sources */,
				5D774291210DD49F0049344F /* SearchTableViewCell.swift in Sources */,
				08355B0D210E2CB700F671D2 /* NammaApartmentEmergency.swift in Sources */,
				86646BC220AB1530002A92B8 /* RaiseAlarmViewController.swift in Sources */,
				86646BBE20AB0472002A92B8 /* EmergencyViewController.swift in Sources */,
				089A94B8210836940088F519 /* NoticeBoardViewController.swift in Sources */,
				0816E57C20EA77E800116FD0 /* EditMyProfileViewController.swift in Sources */,
				0816E56920E75B5F00116FD0 /* MyVisitorsListCollectionViewCell.swift in Sources */,
				5D774292210DD49F0049344F /* MyFlatDetailsViewController.swift in Sources */,
				089A94BA210837CA0088F519 /* NoticeBoardCollectionViewCell.swift in Sources */,
				08E1F7BB20F9DCC40086F885 /* CabAndPackageArrivalCardListViewController.swift in Sources */,
				084D963D2100C92900BE9D3D /* NavigationMenuViewController.swift in Sources */,
				08E1F7BD20F9E1120086F885 /* CabAndPackageArrivalCardListCollectionViewCell.swift in Sources */,
				081F25D1210C8EB60065F90E /* RetrievingGuestList.swift in Sources */,
				0856467C210215A300C5FBF6 /* NotificationSettingsViewController.swift in Sources */,
				086081FB2104B19000B5990C /* RateUsView.swift in Sources */,
				422FF98920F8A9DA004089C2 /* PopupView.swift in Sources */,
				86E83E4520A9B0D000FA7CA7 /* AddMyServicesViewController.swift in Sources */,
				86A48B4920DE7FEF00DC0CAE /* NAActivityIndicator.swift in Sources */,
				083D5C8520F87E2F00F549AF /* HandedThingsDailyServicesHistoryViewController.swift in Sources */,
				081B49E720F32740006D502A /* HandedThingsGuestHistoryViewController.swift in Sources */,
				0816E57B20EA77E800116FD0 /* EditMyProfileTableViewCell.swift in Sources */,
				0856467E210215E800C5FBF6 /* GeneralSettingsViewController.swift in Sources */,
				86548D80209C1FA300C700DA /* MainScreenTableViewCell.swift in Sources */,
				8672B3BD20A97FD40040A5E2 /* NANavigationViewController.swift in Sources */,
				86BD74EE209A2EB500B159A3 /* NAColor.swift in Sources */,
				084D963F2100CAD100BE9D3D /* NavigationMenuTableViewCell.swift in Sources */,
				86548D87209C63C700C700DA /* DigitalGateViewController.swift in Sources */,
				085646722101FA0C00C5FBF6 /* HelpViewController.swift in Sources */,
				86BF6A4320A0326E00B175A1 /* MyGuestListViewController.swift in Sources */,
				5D774290210DD49F0049344F /* MyFlatTableViewCell.swift in Sources */,
				08E1F7BF20FA47DF0086F885 /* NAConfirmationAlert.swift in Sources */,
				86646BC020AB0704002A92B8 /* EmergencyCollectionViewCell.swift in Sources */,
				5D77429A210DD49F0049344F /* OTPViewController.swift in Sources */,
				5D774294210DD49F0049344F /* RootViewController.swift in Sources */,
				0816E56720E75A4700116FD0 /* MyVisitorsListViewController.swift in Sources */,
				86A48B4B20DE8A6300DC0CAE /* NAFirebase.swift in Sources */,
				867CFF2B20A43EB500EDB966 /* HandedThingsToGuestTableViewCell.swift in Sources */,
				86FEE60B20DBB4F00023DC94 /* NammaApartmentDailyServices.swift in Sources */,
				083D5C8B20F8A99200F549AF /* HandedThingsToDailyServicesTableViewCell.swift in Sources */,
				083D5C8720F87E6800F549AF /* HandedThingsDailyServicesHistoryCollectionViewCell.swift in Sources */,
				86B1A8DA20D50EAB00D90D88 /* NammaApartmentVisitor.swift in Sources */,
				86A4D4A520D57047007890D2 /* NAUser.swift in Sources */,
				867CFF2920A43E9F00EDB966 /* HandedThingsToGuestViewController.swift in Sources */,
				5DD9DF2720FCC280002C13BB /* HandedHistory.swift in Sources */,
				862700FF209707BB004B28EB /* namaApartment.xcdatamodeld in Sources */,
				5D774299210DD49F0049344F /* DataModel.swift in Sources */,
				86494B8D20C10E9300B9980C /* RescheduleMyGuestListViewController.swift in Sources */,
				86B1A8DC20D5276200D90D88 /* NAFBConstants.swift in Sources */,
				085646782101FA9F00C5FBF6 /* SettingsCollectionViewCell.swift in Sources */,
				0856467A21020CBE00C5FBF6 /* NAShodowEffect.swift in Sources */,
				86D19EFA20A2B26300FB7DC8 /* ExpectingArrivalViewController.swift in Sources */,
				5D18B39E20BA6E0A00758070 /* mySweetHomeCollectionViewCell.swift in Sources */,
			);
			runOnlyForDeploymentPostprocessing = 0;
		};
		86270106209707BC004B28EB /* Sources */ = {
			isa = PBXSourcesBuildPhase;
			buildActionMask = 2147483647;
			files = (
				8627010F209707BC004B28EB /* namaApartmentTests.swift in Sources */,
			);
			runOnlyForDeploymentPostprocessing = 0;
		};
		86270111209707BC004B28EB /* Sources */ = {
			isa = PBXSourcesBuildPhase;
			buildActionMask = 2147483647;
			files = (
				8627011A209707BC004B28EB /* namaApartmentUITests.swift in Sources */,
			);
			runOnlyForDeploymentPostprocessing = 0;
		};
/* End PBXSourcesBuildPhase section */

/* Begin PBXTargetDependency section */
		8627010C209707BC004B28EB /* PBXTargetDependency */ = {
			isa = PBXTargetDependency;
			target = 862700F2209707BB004B28EB /* nammaApartment */;
			targetProxy = 8627010B209707BC004B28EB /* PBXContainerItemProxy */;
		};
		86270117209707BC004B28EB /* PBXTargetDependency */ = {
			isa = PBXTargetDependency;
			target = 862700F2209707BB004B28EB /* nammaApartment */;
			targetProxy = 86270116209707BC004B28EB /* PBXContainerItemProxy */;
		};
/* End PBXTargetDependency section */

/* Begin PBXVariantGroup section */
		4230EEAF2108AB4F0037345D /* Main.storyboard */ = {
			isa = PBXVariantGroup;
			children = (
				4230EEB02108AB4F0037345D /* Base */,
			);
			name = Main.storyboard;
			sourceTree = "<group>";
		};
		86270102209707BC004B28EB /* LaunchScreen.storyboard */ = {
			isa = PBXVariantGroup;
			children = (
				86270103209707BC004B28EB /* Base */,
			);
			name = LaunchScreen.storyboard;
			sourceTree = "<group>";
		};
/* End PBXVariantGroup section */

/* Begin XCBuildConfiguration section */
		8627011C209707BC004B28EB /* Debug */ = {
			isa = XCBuildConfiguration;
			buildSettings = {
				ALWAYS_SEARCH_USER_PATHS = NO;
				CLANG_ANALYZER_NONNULL = YES;
				CLANG_ANALYZER_NUMBER_OBJECT_CONVERSION = YES_AGGRESSIVE;
				CLANG_CXX_LANGUAGE_STANDARD = "gnu++14";
				CLANG_CXX_LIBRARY = "libc++";
				CLANG_ENABLE_MODULES = YES;
				CLANG_ENABLE_OBJC_ARC = YES;
				CLANG_ENABLE_OBJC_WEAK = YES;
				CLANG_WARN_BLOCK_CAPTURE_AUTORELEASING = YES;
				CLANG_WARN_BOOL_CONVERSION = YES;
				CLANG_WARN_COMMA = YES;
				CLANG_WARN_CONSTANT_CONVERSION = YES;
				CLANG_WARN_DEPRECATED_OBJC_IMPLEMENTATIONS = YES;
				CLANG_WARN_DIRECT_OBJC_ISA_USAGE = YES_ERROR;
				CLANG_WARN_DOCUMENTATION_COMMENTS = YES;
				CLANG_WARN_EMPTY_BODY = YES;
				CLANG_WARN_ENUM_CONVERSION = YES;
				CLANG_WARN_INFINITE_RECURSION = YES;
				CLANG_WARN_INT_CONVERSION = YES;
				CLANG_WARN_NON_LITERAL_NULL_CONVERSION = YES;
				CLANG_WARN_OBJC_IMPLICIT_RETAIN_SELF = YES;
				CLANG_WARN_OBJC_LITERAL_CONVERSION = YES;
				CLANG_WARN_OBJC_ROOT_CLASS = YES_ERROR;
				CLANG_WARN_RANGE_LOOP_ANALYSIS = YES;
				CLANG_WARN_STRICT_PROTOTYPES = YES;
				CLANG_WARN_SUSPICIOUS_MOVE = YES;
				CLANG_WARN_UNGUARDED_AVAILABILITY = YES_AGGRESSIVE;
				CLANG_WARN_UNREACHABLE_CODE = YES;
				CLANG_WARN__DUPLICATE_METHOD_MATCH = YES;
				CODE_SIGN_IDENTITY = "iPhone Developer: Roshan Halwai (NU55447NY6)";
				COPY_PHASE_STRIP = NO;
				DEBUG_INFORMATION_FORMAT = dwarf;
				ENABLE_STRICT_OBJC_MSGSEND = YES;
				ENABLE_TESTABILITY = YES;
				GCC_C_LANGUAGE_STANDARD = gnu11;
				GCC_DYNAMIC_NO_PIC = NO;
				GCC_NO_COMMON_BLOCKS = YES;
				GCC_OPTIMIZATION_LEVEL = 0;
				GCC_PREPROCESSOR_DEFINITIONS = (
					"DEBUG=1",
					"$(inherited)",
				);
				GCC_WARN_64_TO_32_BIT_CONVERSION = YES;
				GCC_WARN_ABOUT_RETURN_TYPE = YES_ERROR;
				GCC_WARN_UNDECLARED_SELECTOR = YES;
				GCC_WARN_UNINITIALIZED_AUTOS = YES_AGGRESSIVE;
				GCC_WARN_UNUSED_FUNCTION = YES;
				GCC_WARN_UNUSED_VARIABLE = YES;
				IPHONEOS_DEPLOYMENT_TARGET = 11.3;
				MTL_ENABLE_DEBUG_INFO = YES;
				ONLY_ACTIVE_ARCH = YES;
				SDKROOT = iphoneos;
				SWIFT_ACTIVE_COMPILATION_CONDITIONS = DEBUG;
				SWIFT_OPTIMIZATION_LEVEL = "-Onone";
			};
			name = Debug;
		};
		8627011D209707BC004B28EB /* Release */ = {
			isa = XCBuildConfiguration;
			buildSettings = {
				ALWAYS_SEARCH_USER_PATHS = NO;
				CLANG_ANALYZER_NONNULL = YES;
				CLANG_ANALYZER_NUMBER_OBJECT_CONVERSION = YES_AGGRESSIVE;
				CLANG_CXX_LANGUAGE_STANDARD = "gnu++14";
				CLANG_CXX_LIBRARY = "libc++";
				CLANG_ENABLE_MODULES = YES;
				CLANG_ENABLE_OBJC_ARC = YES;
				CLANG_ENABLE_OBJC_WEAK = YES;
				CLANG_WARN_BLOCK_CAPTURE_AUTORELEASING = YES;
				CLANG_WARN_BOOL_CONVERSION = YES;
				CLANG_WARN_COMMA = YES;
				CLANG_WARN_CONSTANT_CONVERSION = YES;
				CLANG_WARN_DEPRECATED_OBJC_IMPLEMENTATIONS = YES;
				CLANG_WARN_DIRECT_OBJC_ISA_USAGE = YES_ERROR;
				CLANG_WARN_DOCUMENTATION_COMMENTS = YES;
				CLANG_WARN_EMPTY_BODY = YES;
				CLANG_WARN_ENUM_CONVERSION = YES;
				CLANG_WARN_INFINITE_RECURSION = YES;
				CLANG_WARN_INT_CONVERSION = YES;
				CLANG_WARN_NON_LITERAL_NULL_CONVERSION = YES;
				CLANG_WARN_OBJC_IMPLICIT_RETAIN_SELF = YES;
				CLANG_WARN_OBJC_LITERAL_CONVERSION = YES;
				CLANG_WARN_OBJC_ROOT_CLASS = YES_ERROR;
				CLANG_WARN_RANGE_LOOP_ANALYSIS = YES;
				CLANG_WARN_STRICT_PROTOTYPES = YES;
				CLANG_WARN_SUSPICIOUS_MOVE = YES;
				CLANG_WARN_UNGUARDED_AVAILABILITY = YES_AGGRESSIVE;
				CLANG_WARN_UNREACHABLE_CODE = YES;
				CLANG_WARN__DUPLICATE_METHOD_MATCH = YES;
				CODE_SIGN_IDENTITY = "iPhone Developer: Roshan Halwai (NU55447NY6)";
				COPY_PHASE_STRIP = NO;
				DEBUG_INFORMATION_FORMAT = "dwarf-with-dsym";
				ENABLE_NS_ASSERTIONS = NO;
				ENABLE_STRICT_OBJC_MSGSEND = YES;
				GCC_C_LANGUAGE_STANDARD = gnu11;
				GCC_NO_COMMON_BLOCKS = YES;
				GCC_WARN_64_TO_32_BIT_CONVERSION = YES;
				GCC_WARN_ABOUT_RETURN_TYPE = YES_ERROR;
				GCC_WARN_UNDECLARED_SELECTOR = YES;
				GCC_WARN_UNINITIALIZED_AUTOS = YES_AGGRESSIVE;
				GCC_WARN_UNUSED_FUNCTION = YES;
				GCC_WARN_UNUSED_VARIABLE = YES;
				IPHONEOS_DEPLOYMENT_TARGET = 11.3;
				MTL_ENABLE_DEBUG_INFO = NO;
				SDKROOT = iphoneos;
				SWIFT_COMPILATION_MODE = wholemodule;
				SWIFT_OPTIMIZATION_LEVEL = "-O";
				VALIDATE_PRODUCT = YES;
			};
			name = Release;
		};
		8627011F209707BC004B28EB /* Debug */ = {
			isa = XCBuildConfiguration;
			baseConfigurationReference = 0A57802A1AA1E8103BBFEF75 /* Pods-nammaApartment.debug.xcconfig */;
			buildSettings = {
				ASSETCATALOG_COMPILER_APPICON_NAME = AppIcon;
				CODE_SIGN_ENTITLEMENTS = nammaApartment.entitlements;
				CODE_SIGN_IDENTITY = "iPhone Developer";
				CODE_SIGN_STYLE = Automatic;
				DEVELOPMENT_TEAM = PUZKL58568;
				INFOPLIST_FILE = "$(SRCROOT)/Info.plist";
				IPHONEOS_DEPLOYMENT_TARGET = 11.4;
				LD_RUNPATH_SEARCH_PATHS = (
					"$(inherited)",
					"@executable_path/Frameworks",
				);
				PRODUCT_BUNDLE_IDENTIFIER = com.kirtanlab.nammaapartments;
				PRODUCT_NAME = "$(TARGET_NAME)";
				PROVISIONING_PROFILE_SPECIFIER = "";
				SWIFT_VERSION = 4.0;
				TARGETED_DEVICE_FAMILY = "1,2";
			};
			name = Debug;
		};
		86270120209707BC004B28EB /* Release */ = {
			isa = XCBuildConfiguration;
			baseConfigurationReference = C39585696205478FE4CEF756 /* Pods-nammaApartment.release.xcconfig */;
			buildSettings = {
				ASSETCATALOG_COMPILER_APPICON_NAME = AppIcon;
				CODE_SIGN_ENTITLEMENTS = nammaApartment.entitlements;
				CODE_SIGN_IDENTITY = "iPhone Developer";
				CODE_SIGN_STYLE = Automatic;
				DEVELOPMENT_TEAM = PUZKL58568;
				INFOPLIST_FILE = "$(SRCROOT)/Info.plist";
				IPHONEOS_DEPLOYMENT_TARGET = 11.4;
				LD_RUNPATH_SEARCH_PATHS = (
					"$(inherited)",
					"@executable_path/Frameworks",
				);
				PRODUCT_BUNDLE_IDENTIFIER = com.kirtanlab.nammaapartments;
				PRODUCT_NAME = "$(TARGET_NAME)";
				PROVISIONING_PROFILE_SPECIFIER = "";
				SWIFT_VERSION = 4.0;
				TARGETED_DEVICE_FAMILY = "1,2";
			};
			name = Release;
		};
		86270122209707BC004B28EB /* Debug */ = {
			isa = XCBuildConfiguration;
			baseConfigurationReference = 932EC8C8A9BD03466DB6D6CF /* Pods-nammaApartmentTests.debug.xcconfig */;
			buildSettings = {
				ALWAYS_EMBED_SWIFT_STANDARD_LIBRARIES = YES;
				BUNDLE_LOADER = "$(TEST_HOST)";
				CODE_SIGN_STYLE = Automatic;
				DEVELOPMENT_TEAM = FZH6P99TXU;
				INFOPLIST_FILE = namaAppartmentTests/Info.plist;
				LD_RUNPATH_SEARCH_PATHS = (
					"$(inherited)",
					"@executable_path/Frameworks",
					"@loader_path/Frameworks",
				);
				PRODUCT_BUNDLE_IDENTIFIER = com.vikasnayak.namaAppartmentTests;
				PRODUCT_NAME = "$(TARGET_NAME)";
				SWIFT_VERSION = 4.0;
				TARGETED_DEVICE_FAMILY = "1,2";
				TEST_HOST = "$(BUILT_PRODUCTS_DIR)/nammaApartment.app/nammaApartment";
			};
			name = Debug;
		};
		86270123209707BC004B28EB /* Release */ = {
			isa = XCBuildConfiguration;
			baseConfigurationReference = D96FDFA46FB39036A3AE3BEA /* Pods-nammaApartmentTests.release.xcconfig */;
			buildSettings = {
				ALWAYS_EMBED_SWIFT_STANDARD_LIBRARIES = YES;
				BUNDLE_LOADER = "$(TEST_HOST)";
				CODE_SIGN_STYLE = Automatic;
				DEVELOPMENT_TEAM = FZH6P99TXU;
				INFOPLIST_FILE = namaAppartmentTests/Info.plist;
				LD_RUNPATH_SEARCH_PATHS = (
					"$(inherited)",
					"@executable_path/Frameworks",
					"@loader_path/Frameworks",
				);
				PRODUCT_BUNDLE_IDENTIFIER = com.vikasnayak.namaAppartmentTests;
				PRODUCT_NAME = "$(TARGET_NAME)";
				SWIFT_VERSION = 4.0;
				TARGETED_DEVICE_FAMILY = "1,2";
				TEST_HOST = "$(BUILT_PRODUCTS_DIR)/nammaApartment.app/nammaApartment";
			};
			name = Release;
		};
		86270125209707BC004B28EB /* Debug */ = {
			isa = XCBuildConfiguration;
			baseConfigurationReference = 57024B9AAB6FF7DBC02BCC40 /* Pods-nammaApartmentUITests.debug.xcconfig */;
			buildSettings = {
				ALWAYS_EMBED_SWIFT_STANDARD_LIBRARIES = YES;
				CODE_SIGN_STYLE = Automatic;
				DEVELOPMENT_TEAM = FZH6P99TXU;
				INFOPLIST_FILE = namaAppartmentUITests/Info.plist;
				LD_RUNPATH_SEARCH_PATHS = (
					"$(inherited)",
					"@executable_path/Frameworks",
					"@loader_path/Frameworks",
				);
				PRODUCT_BUNDLE_IDENTIFIER = com.vikasnayak.namaAppartmentUITests;
				PRODUCT_NAME = "$(TARGET_NAME)";
				SWIFT_VERSION = 4.0;
				TARGETED_DEVICE_FAMILY = "1,2";
				TEST_TARGET_NAME = namaAppartment;
			};
			name = Debug;
		};
		86270126209707BC004B28EB /* Release */ = {
			isa = XCBuildConfiguration;
			baseConfigurationReference = 84B8A2E220ED171204623A20 /* Pods-nammaApartmentUITests.release.xcconfig */;
			buildSettings = {
				ALWAYS_EMBED_SWIFT_STANDARD_LIBRARIES = YES;
				CODE_SIGN_STYLE = Automatic;
				DEVELOPMENT_TEAM = FZH6P99TXU;
				INFOPLIST_FILE = namaAppartmentUITests/Info.plist;
				LD_RUNPATH_SEARCH_PATHS = (
					"$(inherited)",
					"@executable_path/Frameworks",
					"@loader_path/Frameworks",
				);
				PRODUCT_BUNDLE_IDENTIFIER = com.vikasnayak.namaAppartmentUITests;
				PRODUCT_NAME = "$(TARGET_NAME)";
				SWIFT_VERSION = 4.0;
				TARGETED_DEVICE_FAMILY = "1,2";
				TEST_TARGET_NAME = namaAppartment;
			};
			name = Release;
		};
/* End XCBuildConfiguration section */

/* Begin XCConfigurationList section */
		862700EE209707BB004B28EB /* Build configuration list for PBXProject "nammaApartment" */ = {
			isa = XCConfigurationList;
			buildConfigurations = (
				8627011C209707BC004B28EB /* Debug */,
				8627011D209707BC004B28EB /* Release */,
			);
			defaultConfigurationIsVisible = 0;
			defaultConfigurationName = Release;
		};
		8627011E209707BC004B28EB /* Build configuration list for PBXNativeTarget "nammaApartment" */ = {
			isa = XCConfigurationList;
			buildConfigurations = (
				8627011F209707BC004B28EB /* Debug */,
				86270120209707BC004B28EB /* Release */,
			);
			defaultConfigurationIsVisible = 0;
			defaultConfigurationName = Release;
		};
		86270121209707BC004B28EB /* Build configuration list for PBXNativeTarget "nammaApartmentTests" */ = {
			isa = XCConfigurationList;
			buildConfigurations = (
				86270122209707BC004B28EB /* Debug */,
				86270123209707BC004B28EB /* Release */,
			);
			defaultConfigurationIsVisible = 0;
			defaultConfigurationName = Release;
		};
		86270124209707BC004B28EB /* Build configuration list for PBXNativeTarget "nammaApartmentUITests" */ = {
			isa = XCConfigurationList;
			buildConfigurations = (
				86270125209707BC004B28EB /* Debug */,
				86270126209707BC004B28EB /* Release */,
			);
			defaultConfigurationIsVisible = 0;
			defaultConfigurationName = Release;
		};
/* End XCConfigurationList section */

/* Begin XCVersionGroup section */
		862700FD209707BB004B28EB /* namaApartment.xcdatamodeld */ = {
			isa = XCVersionGroup;
			children = (
				862700FE209707BB004B28EB /* namaAppartment.xcdatamodel */,
			);
			currentVersion = 862700FE209707BB004B28EB /* namaAppartment.xcdatamodel */;
			path = namaApartment.xcdatamodeld;
			sourceTree = "<group>";
			versionGroupType = wrapper.xcdatamodel;
		};
/* End XCVersionGroup section */
	};
	rootObject = 862700EB209707BB004B28EB /* Project object */;
}
